// !$*UTF8*$!
{
	archiveVersion = 1;
	classes = {
	};
	objectVersion = 46;
	objects = {

/* Begin PBXBuildFile section */
		00C302E51ABCBA2D00DB3ED1 /* libRCTActionSheet.a in Frameworks */ = {isa = PBXBuildFile; fileRef = 00C302AC1ABCB8CE00DB3ED1 /* libRCTActionSheet.a */; };
		00C302E71ABCBA2D00DB3ED1 /* libRCTGeolocation.a in Frameworks */ = {isa = PBXBuildFile; fileRef = 00C302BA1ABCB90400DB3ED1 /* libRCTGeolocation.a */; };
		00C302E81ABCBA2D00DB3ED1 /* libRCTImage.a in Frameworks */ = {isa = PBXBuildFile; fileRef = 00C302C01ABCB91800DB3ED1 /* libRCTImage.a */; };
		00C302E91ABCBA2D00DB3ED1 /* libRCTNetwork.a in Frameworks */ = {isa = PBXBuildFile; fileRef = 00C302DC1ABCB9D200DB3ED1 /* libRCTNetwork.a */; };
		00C302EA1ABCBA2D00DB3ED1 /* libRCTVibration.a in Frameworks */ = {isa = PBXBuildFile; fileRef = 00C302E41ABCB9EE00DB3ED1 /* libRCTVibration.a */; };
		00E356F31AD99517003FC87E /* StilInBerlinTests.m in Sources */ = {isa = PBXBuildFile; fileRef = 00E356F21AD99517003FC87E /* StilInBerlinTests.m */; };
		02EBF7E2C23E450F8E93619E /* arrow-forward.png in Resources */ = {isa = PBXBuildFile; fileRef = CE99C8A52D01410EBC93C743 /* arrow-forward.png */; };
		03E4127722DA474079134EBB /* libPods-StilInBerlin.a in Frameworks */ = {isa = PBXBuildFile; fileRef = 517578867665D9E46B611E58 /* libPods-StilInBerlin.a */; };
		133E29F31AD74F7200F7D852 /* libRCTLinking.a in Frameworks */ = {isa = PBXBuildFile; fileRef = 78C398B91ACF4ADC00677621 /* libRCTLinking.a */; };
		139105C61AF99C1200B5F7CC /* libRCTSettings.a in Frameworks */ = {isa = PBXBuildFile; fileRef = 139105C11AF99BAD00B5F7CC /* libRCTSettings.a */; };
		139FDEF61B0652A700C62182 /* libRCTWebSocket.a in Frameworks */ = {isa = PBXBuildFile; fileRef = 139FDEF41B06529B00C62182 /* libRCTWebSocket.a */; };
		13B07FBC1A68108700A75B9A /* AppDelegate.m in Sources */ = {isa = PBXBuildFile; fileRef = 13B07FB01A68108700A75B9A /* AppDelegate.m */; };
		13B07FBD1A68108700A75B9A /* LaunchScreen.xib in Resources */ = {isa = PBXBuildFile; fileRef = 13B07FB11A68108700A75B9A /* LaunchScreen.xib */; };
		13B07FBF1A68108700A75B9A /* Images.xcassets in Resources */ = {isa = PBXBuildFile; fileRef = 13B07FB51A68108700A75B9A /* Images.xcassets */; };
		13B07FC11A68108700A75B9A /* main.m in Sources */ = {isa = PBXBuildFile; fileRef = 13B07FB71A68108700A75B9A /* main.m */; };
		140ED2AC1D01E1AD002B40FF /* libReact.a in Frameworks */ = {isa = PBXBuildFile; fileRef = 146834041AC3E56700842450 /* libReact.a */; };
		143F267D97DC4F02B8ACA4DB /* AntDesign.ttf in Resources */ = {isa = PBXBuildFile; fileRef = CFC65054C304431D941B9759 /* AntDesign.ttf */; };
		146834051AC3E58100842450 /* libReact.a in Frameworks */ = {isa = PBXBuildFile; fileRef = 146834041AC3E56700842450 /* libReact.a */; };
		19878B7F1F9A92F400093C8C /* arrow_selected.png in Resources */ = {isa = PBXBuildFile; fileRef = 19878B7D1F9A915400093C8C /* arrow_selected.png */; };
		19878B811F9A92F400093C8C /* arrow.png in Resources */ = {isa = PBXBuildFile; fileRef = 19878B7C1F9A915400093C8C /* arrow.png */; };
		19C0C5A51F52CDD200A52C43 /* GoogleService-Info.plist in Resources */ = {isa = PBXBuildFile; fileRef = 19C0C5A41F52CDD200A52C43 /* GoogleService-Info.plist */; };
		25CF5729CCE740FF91234211 /* libRNI18n.a in Frameworks */ = {isa = PBXBuildFile; fileRef = AFF4C280CDE644459DDFAC3D /* libRNI18n.a */; };
		2A99271075EB4CF898D9F80B /* SimpleLineIcons.ttf in Resources */ = {isa = PBXBuildFile; fileRef = ADC494250052446398E22FE3 /* SimpleLineIcons.ttf */; };
		2FE01CEA093E43DD9ACDFAE1 /* libRNShare.a in Frameworks */ = {isa = PBXBuildFile; fileRef = 889933646C8E4960A024805D /* libRNShare.a */; };
		3975C33093AB4B69817EF2A2 /* FontAwesome.ttf in Resources */ = {isa = PBXBuildFile; fileRef = A0F69DF7A9F640AC903100EB /* FontAwesome.ttf */; };
		46B3765A668243479B2F1A89 /* icon_background.png in Resources */ = {isa = PBXBuildFile; fileRef = D7948E4BED28427386C2BF99 /* icon_background.png */; };
		5388DFD95B214F0C8255EDB9 /* map-annotation@2x.png in Resources */ = {isa = PBXBuildFile; fileRef = 8D0C90E63F8341C3B7A75B61 /* map-annotation@2x.png */; };
		5449576C209B4A5289A43664 /* contentful-logo.png in Resources */ = {isa = PBXBuildFile; fileRef = 0C71AA4266E04E969C13F0D5 /* contentful-logo.png */; };
		55B94EEC3DBA47DCBA8478FD /* Zocial.ttf in Resources */ = {isa = PBXBuildFile; fileRef = 90D5B126A4774CEF9CA621A0 /* Zocial.ttf */; };
		579459FC246245088DBFC21E /* Entypo.ttf in Resources */ = {isa = PBXBuildFile; fileRef = FEB763D8AFF14BDDA324E748 /* Entypo.ttf */; };
		5E9157361DD0AC6A00FF2AA8 /* libRCTAnimation.a in Frameworks */ = {isa = PBXBuildFile; fileRef = 5E9157331DD0AC6500FF2AA8 /* libRCTAnimation.a */; };
		65B2B23B313B4447B8BC6FE4 /* Feather.ttf in Resources */ = {isa = PBXBuildFile; fileRef = A226AB8B51E24D79A05ADF2F /* Feather.ttf */; };
		694291C5D407E2EEEBB3E740 /* libPods-StilInBerlinTests.a in Frameworks */ = {isa = PBXBuildFile; fileRef = 1778A2D1E64EB71DB1284E5B /* libPods-StilInBerlinTests.a */; };
		726B029821E844AEA97C983D /* painted_me@3x.png in Resources */ = {isa = PBXBuildFile; fileRef = 275EACF5E7254B9B8F29A8C6 /* painted_me@3x.png */; };
		7C645987133E4DFAA8ABF7EE /* calendardays@2x.png in Resources */ = {isa = PBXBuildFile; fileRef = B0A49159DD874D3E9529D281 /* calendardays@2x.png */; };
		7CF2FEA2D43D49C2B2D292B1 /* calendardays@3x.png in Resources */ = {isa = PBXBuildFile; fileRef = FFD8D9C6785E4E1F86D93F2A /* calendardays@3x.png */; };
		832341BD1AAA6AB300B99B32 /* libRCTText.a in Frameworks */ = {isa = PBXBuildFile; fileRef = 832341B51AAA6A8300B99B32 /* libRCTText.a */; };
		840B4A27BCDF4200BF376552 /* AGaramondPro-Regular.otf in Resources */ = {isa = PBXBuildFile; fileRef = 4682E5901FB14960AFFE02B6 /* AGaramondPro-Regular.otf */; };
		90EDF7EB2FD644348A6E36F0 /* AGaramondPro-Italic.otf in Resources */ = {isa = PBXBuildFile; fileRef = 4DA455D529F24496A0691DCC /* AGaramondPro-Italic.otf */; };
		95E72C9A07B7456CAAB8BD86 /* FontAwesome5_Regular.ttf in Resources */ = {isa = PBXBuildFile; fileRef = 7C01259ACA9D471399CBEAC6 /* FontAwesome5_Regular.ttf */; };
		9EB36CC2AA2A4E60BEBFC734 /* Ionicons.ttf in Resources */ = {isa = PBXBuildFile; fileRef = 8C3E8DDEDFDF4188951D4E9E /* Ionicons.ttf */; };
		A0C29CB7711845A5ADC1CBEE /* EvilIcons.ttf in Resources */ = {isa = PBXBuildFile; fileRef = C39B8C03F3A84F79875B3E72 /* EvilIcons.ttf */; };
		AA6EE9F0796B4125B04DA477 /* map-annotation.png in Resources */ = {isa = PBXBuildFile; fileRef = 67944EC663534AD18B976C3B /* map-annotation.png */; };
		B6D87BC655854B8FBD625D58 /* libRNVectorIcons.a in Frameworks */ = {isa = PBXBuildFile; fileRef = B6C3DE3261094D8DBC07D965 /* libRNVectorIcons.a */; };
		BAF1BE6E1804417F8B64E2A8 /* libRNFIRAnalytics.a in Frameworks */ = {isa = PBXBuildFile; fileRef = 5C0FBC83E7BE4BC893D47021 /* libRNFIRAnalytics.a */; };
		BF9DF72DD6044AD189999D74 /* AGaramondPro-BoldItalic.otf in Resources */ = {isa = PBXBuildFile; fileRef = E56C78A538AF473FA21D073D /* AGaramondPro-BoldItalic.otf */; };
		CA3820CCD5284959A69F0EEC /* painted_me.png in Resources */ = {isa = PBXBuildFile; fileRef = B4E3E48F92B84AB2888C45CA /* painted_me.png */; };
		CCB2D6EC3E7F404981E9A19C /* FontAwesome5_Brands.ttf in Resources */ = {isa = PBXBuildFile; fileRef = ED217293B2CE49B1B4968158 /* FontAwesome5_Brands.ttf */; };
		CDD4E6A5E60D4EE397E15789 /* FontAwesome5_Solid.ttf in Resources */ = {isa = PBXBuildFile; fileRef = 6C75DCFDD07A4648954E8D68 /* FontAwesome5_Solid.ttf */; };
		DADA92E380FF411DA14D63E1 /* mapbox-logo.png in Resources */ = {isa = PBXBuildFile; fileRef = 988991E3B3704E1DA4CE82EE /* mapbox-logo.png */; };
		E2622DBB894C4905A4446F69 /* MaterialIcons.ttf in Resources */ = {isa = PBXBuildFile; fileRef = A86C400F702C4FE6A37EECD6 /* MaterialIcons.ttf */; };
		E6855B80CFEB4226B51F5C6D /* Octicons.ttf in Resources */ = {isa = PBXBuildFile; fileRef = 52942F68FBFD47CB95DA985A /* Octicons.ttf */; };
		EC6BFBDD336C420D95EAC41A /* AGaramondPro-Bold.otf in Resources */ = {isa = PBXBuildFile; fileRef = AF1AAC9A2A484FD5B07192CD /* AGaramondPro-Bold.otf */; };
		F19616C225D142B79912C252 /* painted_me@2x.png in Resources */ = {isa = PBXBuildFile; fileRef = CBEE7CFD250940F482327978 /* painted_me@2x.png */; };
		F1F3D177B60445FBAE7B18F0 /* SpaceMono-Regular.ttf in Resources */ = {isa = PBXBuildFile; fileRef = 0D5BADB48D3345F2855C4838 /* SpaceMono-Regular.ttf */; };
		F6ED4EFBD30642AAB324C1EF /* libRNStoreReview.a in Frameworks */ = {isa = PBXBuildFile; fileRef = D4C8B96D521C4540B2193D91 /* libRNStoreReview.a */; };
		F8047B0FD95B484CB0C2CA26 /* Foundation.ttf in Resources */ = {isa = PBXBuildFile; fileRef = 4F73EFB84A29460E9E3D52F3 /* Foundation.ttf */; };
		F89CD5A09B83403A9509FD38 /* so-icon.png in Resources */ = {isa = PBXBuildFile; fileRef = 37D9D447049F41F0BD0BDF97 /* so-icon.png */; };
		FA669BF781CA4F779D88A568 /* map-annotation@3x.png in Resources */ = {isa = PBXBuildFile; fileRef = 82D2036AA50049539C14FD83 /* map-annotation@3x.png */; };
		FBCDAB073EDB4F8992D864F4 /* MaterialCommunityIcons.ttf in Resources */ = {isa = PBXBuildFile; fileRef = 169CA2C8EB774244AA55ECF2 /* MaterialCommunityIcons.ttf */; };
/* End PBXBuildFile section */

/* Begin PBXContainerItemProxy section */
		00C302AB1ABCB8CE00DB3ED1 /* PBXContainerItemProxy */ = {
			isa = PBXContainerItemProxy;
			containerPortal = 00C302A71ABCB8CE00DB3ED1 /* RCTActionSheet.xcodeproj */;
			proxyType = 2;
			remoteGlobalIDString = 134814201AA4EA6300B7C361;
			remoteInfo = RCTActionSheet;
		};
		00C302B91ABCB90400DB3ED1 /* PBXContainerItemProxy */ = {
			isa = PBXContainerItemProxy;
			containerPortal = 00C302B51ABCB90400DB3ED1 /* RCTGeolocation.xcodeproj */;
			proxyType = 2;
			remoteGlobalIDString = 134814201AA4EA6300B7C361;
			remoteInfo = RCTGeolocation;
		};
		00C302BF1ABCB91800DB3ED1 /* PBXContainerItemProxy */ = {
			isa = PBXContainerItemProxy;
			containerPortal = 00C302BB1ABCB91800DB3ED1 /* RCTImage.xcodeproj */;
			proxyType = 2;
			remoteGlobalIDString = 58B5115D1A9E6B3D00147676;
			remoteInfo = RCTImage;
		};
		00C302DB1ABCB9D200DB3ED1 /* PBXContainerItemProxy */ = {
			isa = PBXContainerItemProxy;
			containerPortal = 00C302D31ABCB9D200DB3ED1 /* RCTNetwork.xcodeproj */;
			proxyType = 2;
			remoteGlobalIDString = 58B511DB1A9E6C8500147676;
			remoteInfo = RCTNetwork;
		};
		00C302E31ABCB9EE00DB3ED1 /* PBXContainerItemProxy */ = {
			isa = PBXContainerItemProxy;
			containerPortal = 00C302DF1ABCB9EE00DB3ED1 /* RCTVibration.xcodeproj */;
			proxyType = 2;
			remoteGlobalIDString = 832C81801AAF6DEF007FA2F7;
			remoteInfo = RCTVibration;
		};
		00E356F41AD99517003FC87E /* PBXContainerItemProxy */ = {
			isa = PBXContainerItemProxy;
			containerPortal = 83CBB9F71A601CBA00E9B192 /* Project object */;
			proxyType = 1;
			remoteGlobalIDString = 13B07F861A680F5B00A75B9A;
			remoteInfo = StilInBerlin;
		};
		139105C01AF99BAD00B5F7CC /* PBXContainerItemProxy */ = {
			isa = PBXContainerItemProxy;
			containerPortal = 139105B61AF99BAD00B5F7CC /* RCTSettings.xcodeproj */;
			proxyType = 2;
			remoteGlobalIDString = 134814201AA4EA6300B7C361;
			remoteInfo = RCTSettings;
		};
		139FDEF31B06529B00C62182 /* PBXContainerItemProxy */ = {
			isa = PBXContainerItemProxy;
			containerPortal = 139FDEE61B06529A00C62182 /* RCTWebSocket.xcodeproj */;
			proxyType = 2;
			remoteGlobalIDString = 3C86DF461ADF2C930047B81A;
			remoteInfo = RCTWebSocket;
		};
		146834031AC3E56700842450 /* PBXContainerItemProxy */ = {
			isa = PBXContainerItemProxy;
			containerPortal = 146833FF1AC3E56700842450 /* React.xcodeproj */;
			proxyType = 2;
			remoteGlobalIDString = 83CBBA2E1A601D0E00E9B192;
			remoteInfo = React;
		};
		190813201FF663C000D7AECF /* PBXContainerItemProxy */ = {
			isa = PBXContainerItemProxy;
			containerPortal = 139FDEE61B06529A00C62182 /* RCTWebSocket.xcodeproj */;
			proxyType = 2;
			remoteGlobalIDString = 3DBE0D001F3B181A0099AA32;
			remoteInfo = fishhook;
		};
		190813221FF663C000D7AECF /* PBXContainerItemProxy */ = {
			isa = PBXContainerItemProxy;
			containerPortal = 139FDEE61B06529A00C62182 /* RCTWebSocket.xcodeproj */;
			proxyType = 2;
			remoteGlobalIDString = 3DBE0D0D1F3B181C0099AA32;
			remoteInfo = "fishhook-tvOS";
		};
		190813321FF663C000D7AECF /* PBXContainerItemProxy */ = {
			isa = PBXContainerItemProxy;
			containerPortal = 146833FF1AC3E56700842450 /* React.xcodeproj */;
			proxyType = 2;
			remoteGlobalIDString = 9936F3131F5F2E4B0010BF04;
			remoteInfo = privatedata;
		};
		190813341FF663C000D7AECF /* PBXContainerItemProxy */ = {
			isa = PBXContainerItemProxy;
			containerPortal = 146833FF1AC3E56700842450 /* React.xcodeproj */;
			proxyType = 2;
			remoteGlobalIDString = 9936F32F1F5F2E5B0010BF04;
			remoteInfo = "privatedata-tvOS";
		};
		1908133F1FF663C000D7AECF /* PBXContainerItemProxy */ = {
			isa = PBXContainerItemProxy;
			containerPortal = 8833F8390E5D428A8D0219E2 /* RCTMGL.xcodeproj */;
			proxyType = 2;
			remoteGlobalIDString = C4D1443D1F4E16F600396F26;
			remoteInfo = RCTMGL;
		};
		191D8A242013D44200A81442 /* PBXContainerItemProxy */ = {
			isa = PBXContainerItemProxy;
			containerPortal = 0FE609ACA8F245F3B15A7A3F /* RNStoreReview.xcodeproj */;
			proxyType = 2;
			remoteGlobalIDString = 134814201AA4EA6300B7C361;
			remoteInfo = RNStoreReview;
		};
		1945563B1F95E89C00DDC4A2 /* PBXContainerItemProxy */ = {
			isa = PBXContainerItemProxy;
			containerPortal = 74C24ADA59B64CE5A14C81D5 /* RNShare.xcodeproj */;
			proxyType = 2;
			remoteGlobalIDString = 134814201AA4EA6300B7C361;
			remoteInfo = RNShare;
		};
		19542D4221C9916800AC034E /* PBXContainerItemProxy */ = {
			isa = PBXContainerItemProxy;
			containerPortal = 146833FF1AC3E56700842450 /* React.xcodeproj */;
			proxyType = 2;
			remoteGlobalIDString = EBF21BDC1FC498900052F4D5;
			remoteInfo = jsinspector;
		};
		19542D4421C9916800AC034E /* PBXContainerItemProxy */ = {
			isa = PBXContainerItemProxy;
			containerPortal = 146833FF1AC3E56700842450 /* React.xcodeproj */;
			proxyType = 2;
			remoteGlobalIDString = EBF21BFA1FC4989A0052F4D5;
			remoteInfo = "jsinspector-tvOS";
		};
		19542D4D21C9916800AC034E /* PBXContainerItemProxy */ = {
			isa = PBXContainerItemProxy;
			containerPortal = C9BA6EF2A3654ED798789849 /* RNVectorIcons.xcodeproj */;
			proxyType = 2;
			remoteGlobalIDString = A39873CE1EA65EE60051E01A;
			remoteInfo = "RNVectorIcons-tvOS";
		};
		19760BCD1FBBA0A800D2E88B /* PBXContainerItemProxy */ = {
			isa = PBXContainerItemProxy;
			containerPortal = 146833FF1AC3E56700842450 /* React.xcodeproj */;
			proxyType = 2;
			remoteGlobalIDString = 139D7ECE1E25DB7D00323FB7;
			remoteInfo = "third-party";
		};
		19760BCF1FBBA0A800D2E88B /* PBXContainerItemProxy */ = {
			isa = PBXContainerItemProxy;
			containerPortal = 146833FF1AC3E56700842450 /* React.xcodeproj */;
			proxyType = 2;
			remoteGlobalIDString = 3D383D3C1EBD27B6005632C8;
			remoteInfo = "third-party-tvOS";
		};
		19760BD11FBBA0A800D2E88B /* PBXContainerItemProxy */ = {
			isa = PBXContainerItemProxy;
			containerPortal = 146833FF1AC3E56700842450 /* React.xcodeproj */;
			proxyType = 2;
			remoteGlobalIDString = 139D7E881E25C6D100323FB7;
			remoteInfo = "double-conversion";
		};
		19760BD31FBBA0A800D2E88B /* PBXContainerItemProxy */ = {
			isa = PBXContainerItemProxy;
			containerPortal = 146833FF1AC3E56700842450 /* React.xcodeproj */;
			proxyType = 2;
			remoteGlobalIDString = 3D383D621EBD27B9005632C8;
			remoteInfo = "double-conversion-tvOS";
		};
		19760BDD1FBBA0A900D2E88B /* PBXContainerItemProxy */ = {
			isa = PBXContainerItemProxy;
			containerPortal = 685E2DA0CE2B4494A95BCDEF /* RNI18n.xcodeproj */;
			proxyType = 2;
			remoteGlobalIDString = 134814201AA4EA6300B7C361;
			remoteInfo = RNI18n;
		};
		19760BDF1FBBA0A900D2E88B /* PBXContainerItemProxy */ = {
			isa = PBXContainerItemProxy;
			containerPortal = 685E2DA0CE2B4494A95BCDEF /* RNI18n.xcodeproj */;
			proxyType = 2;
			remoteGlobalIDString = 6476C4051EEAA69700B10F51;
			remoteInfo = "RNI18n-tvOS";
		};
		199A29A61F5AEC540057F824 /* PBXContainerItemProxy */ = {
			isa = PBXContainerItemProxy;
			containerPortal = EA99DB9FAE5148F4B029B2DA /* RNFIRAnalytics.xcodeproj */;
			proxyType = 2;
			remoteGlobalIDString = 134814201AA4EA6300B7C361;
			remoteInfo = RNFIRAnalytics;
		};
		19C0C4EB1F51BC2700A52C43 /* PBXContainerItemProxy */ = {
			isa = PBXContainerItemProxy;
			containerPortal = C9BA6EF2A3654ED798789849 /* RNVectorIcons.xcodeproj */;
			proxyType = 2;
			remoteGlobalIDString = 5DBEB1501B18CEA900B34395;
			remoteInfo = RNVectorIcons;
		};
		3DAD3E831DF850E9000B6D8A /* PBXContainerItemProxy */ = {
			isa = PBXContainerItemProxy;
			containerPortal = 00C302BB1ABCB91800DB3ED1 /* RCTImage.xcodeproj */;
			proxyType = 2;
			remoteGlobalIDString = 2D2A283A1D9B042B00D4039D;
			remoteInfo = "RCTImage-tvOS";
		};
		3DAD3E871DF850E9000B6D8A /* PBXContainerItemProxy */ = {
			isa = PBXContainerItemProxy;
			containerPortal = 78C398B01ACF4ADC00677621 /* RCTLinking.xcodeproj */;
			proxyType = 2;
			remoteGlobalIDString = 2D2A28471D9B043800D4039D;
			remoteInfo = "RCTLinking-tvOS";
		};
		3DAD3E8B1DF850E9000B6D8A /* PBXContainerItemProxy */ = {
			isa = PBXContainerItemProxy;
			containerPortal = 00C302D31ABCB9D200DB3ED1 /* RCTNetwork.xcodeproj */;
			proxyType = 2;
			remoteGlobalIDString = 2D2A28541D9B044C00D4039D;
			remoteInfo = "RCTNetwork-tvOS";
		};
		3DAD3E8F1DF850E9000B6D8A /* PBXContainerItemProxy */ = {
			isa = PBXContainerItemProxy;
			containerPortal = 139105B61AF99BAD00B5F7CC /* RCTSettings.xcodeproj */;
			proxyType = 2;
			remoteGlobalIDString = 2D2A28611D9B046600D4039D;
			remoteInfo = "RCTSettings-tvOS";
		};
		3DAD3E931DF850E9000B6D8A /* PBXContainerItemProxy */ = {
			isa = PBXContainerItemProxy;
			containerPortal = 832341B01AAA6A8300B99B32 /* RCTText.xcodeproj */;
			proxyType = 2;
			remoteGlobalIDString = 2D2A287B1D9B048500D4039D;
			remoteInfo = "RCTText-tvOS";
		};
		3DAD3E981DF850E9000B6D8A /* PBXContainerItemProxy */ = {
			isa = PBXContainerItemProxy;
			containerPortal = 139FDEE61B06529A00C62182 /* RCTWebSocket.xcodeproj */;
			proxyType = 2;
			remoteGlobalIDString = 2D2A28881D9B049200D4039D;
			remoteInfo = "RCTWebSocket-tvOS";
		};
		3DAD3EA21DF850E9000B6D8A /* PBXContainerItemProxy */ = {
			isa = PBXContainerItemProxy;
			containerPortal = 146833FF1AC3E56700842450 /* React.xcodeproj */;
			proxyType = 2;
			remoteGlobalIDString = 2D2A28131D9B038B00D4039D;
			remoteInfo = "React-tvOS";
		};
		3DAD3EA41DF850E9000B6D8A /* PBXContainerItemProxy */ = {
			isa = PBXContainerItemProxy;
			containerPortal = 146833FF1AC3E56700842450 /* React.xcodeproj */;
			proxyType = 2;
			remoteGlobalIDString = 3D3C059A1DE3340900C268FA;
			remoteInfo = yoga;
		};
		3DAD3EA61DF850E9000B6D8A /* PBXContainerItemProxy */ = {
			isa = PBXContainerItemProxy;
			containerPortal = 146833FF1AC3E56700842450 /* React.xcodeproj */;
			proxyType = 2;
			remoteGlobalIDString = 3D3C06751DE3340C00C268FA;
			remoteInfo = "yoga-tvOS";
		};
		3DAD3EA81DF850E9000B6D8A /* PBXContainerItemProxy */ = {
			isa = PBXContainerItemProxy;
			containerPortal = 146833FF1AC3E56700842450 /* React.xcodeproj */;
			proxyType = 2;
			remoteGlobalIDString = 3D3CD9251DE5FBEC00167DC4;
			remoteInfo = cxxreact;
		};
		3DAD3EAA1DF850E9000B6D8A /* PBXContainerItemProxy */ = {
			isa = PBXContainerItemProxy;
			containerPortal = 146833FF1AC3E56700842450 /* React.xcodeproj */;
			proxyType = 2;
			remoteGlobalIDString = 3D3CD9321DE5FBEE00167DC4;
			remoteInfo = "cxxreact-tvOS";
		};
		3DAD3EAC1DF850E9000B6D8A /* PBXContainerItemProxy */ = {
			isa = PBXContainerItemProxy;
			containerPortal = 146833FF1AC3E56700842450 /* React.xcodeproj */;
			proxyType = 2;
			remoteGlobalIDString = 3D3CD90B1DE5FBD600167DC4;
			remoteInfo = jschelpers;
		};
		3DAD3EAE1DF850E9000B6D8A /* PBXContainerItemProxy */ = {
			isa = PBXContainerItemProxy;
			containerPortal = 146833FF1AC3E56700842450 /* React.xcodeproj */;
			proxyType = 2;
			remoteGlobalIDString = 3D3CD9181DE5FBD800167DC4;
			remoteInfo = "jschelpers-tvOS";
		};
		5E9157321DD0AC6500FF2AA8 /* PBXContainerItemProxy */ = {
			isa = PBXContainerItemProxy;
			containerPortal = 5E91572D1DD0AC6500FF2AA8 /* RCTAnimation.xcodeproj */;
			proxyType = 2;
			remoteGlobalIDString = 134814201AA4EA6300B7C361;
			remoteInfo = RCTAnimation;
		};
		5E9157341DD0AC6500FF2AA8 /* PBXContainerItemProxy */ = {
			isa = PBXContainerItemProxy;
			containerPortal = 5E91572D1DD0AC6500FF2AA8 /* RCTAnimation.xcodeproj */;
			proxyType = 2;
			remoteGlobalIDString = 2D2A28201D9B03D100D4039D;
			remoteInfo = "RCTAnimation-tvOS";
		};
		78C398B81ACF4ADC00677621 /* PBXContainerItemProxy */ = {
			isa = PBXContainerItemProxy;
			containerPortal = 78C398B01ACF4ADC00677621 /* RCTLinking.xcodeproj */;
			proxyType = 2;
			remoteGlobalIDString = 134814201AA4EA6300B7C361;
			remoteInfo = RCTLinking;
		};
		832341B41AAA6A8300B99B32 /* PBXContainerItemProxy */ = {
			isa = PBXContainerItemProxy;
			containerPortal = 832341B01AAA6A8300B99B32 /* RCTText.xcodeproj */;
			proxyType = 2;
			remoteGlobalIDString = 58B5119B1A9E6C1200147676;
			remoteInfo = RCTText;
		};
/* End PBXContainerItemProxy section */

/* Begin PBXFileReference section */
		008F07F21AC5B25A0029DE68 /* main.jsbundle */ = {isa = PBXFileReference; fileEncoding = 4; lastKnownFileType = text; path = main.jsbundle; sourceTree = "<group>"; };
		00C302A71ABCB8CE00DB3ED1 /* RCTActionSheet.xcodeproj */ = {isa = PBXFileReference; lastKnownFileType = "wrapper.pb-project"; name = RCTActionSheet.xcodeproj; path = "../node_modules/react-native/Libraries/ActionSheetIOS/RCTActionSheet.xcodeproj"; sourceTree = "<group>"; };
		00C302B51ABCB90400DB3ED1 /* RCTGeolocation.xcodeproj */ = {isa = PBXFileReference; lastKnownFileType = "wrapper.pb-project"; name = RCTGeolocation.xcodeproj; path = "../node_modules/react-native/Libraries/Geolocation/RCTGeolocation.xcodeproj"; sourceTree = "<group>"; };
		00C302BB1ABCB91800DB3ED1 /* RCTImage.xcodeproj */ = {isa = PBXFileReference; lastKnownFileType = "wrapper.pb-project"; name = RCTImage.xcodeproj; path = "../node_modules/react-native/Libraries/Image/RCTImage.xcodeproj"; sourceTree = "<group>"; };
		00C302D31ABCB9D200DB3ED1 /* RCTNetwork.xcodeproj */ = {isa = PBXFileReference; lastKnownFileType = "wrapper.pb-project"; name = RCTNetwork.xcodeproj; path = "../node_modules/react-native/Libraries/Network/RCTNetwork.xcodeproj"; sourceTree = "<group>"; };
		00C302DF1ABCB9EE00DB3ED1 /* RCTVibration.xcodeproj */ = {isa = PBXFileReference; lastKnownFileType = "wrapper.pb-project"; name = RCTVibration.xcodeproj; path = "../node_modules/react-native/Libraries/Vibration/RCTVibration.xcodeproj"; sourceTree = "<group>"; };
		00E356EE1AD99517003FC87E /* StilInBerlinTests.xctest */ = {isa = PBXFileReference; explicitFileType = wrapper.cfbundle; includeInIndex = 0; path = StilInBerlinTests.xctest; sourceTree = BUILT_PRODUCTS_DIR; };
		00E356F11AD99517003FC87E /* Info.plist */ = {isa = PBXFileReference; lastKnownFileType = text.plist.xml; path = Info.plist; sourceTree = "<group>"; };
		00E356F21AD99517003FC87E /* StilInBerlinTests.m */ = {isa = PBXFileReference; lastKnownFileType = sourcecode.c.objc; path = StilInBerlinTests.m; sourceTree = "<group>"; };
		02E522043F6EDBF91F467E94 /* Pods-StilInBerlin.release.xcconfig */ = {isa = PBXFileReference; includeInIndex = 1; lastKnownFileType = text.xcconfig; name = "Pods-StilInBerlin.release.xcconfig"; path = "Pods/Target Support Files/Pods-StilInBerlin/Pods-StilInBerlin.release.xcconfig"; sourceTree = "<group>"; };
		07AD76039DB84195B47B60D2 /* AGaramondPro-Italic.ttf */ = {isa = PBXFileReference; explicitFileType = undefined; fileEncoding = 9; includeInIndex = 0; lastKnownFileType = unknown; name = "AGaramondPro-Italic.ttf"; path = "../assets/fonts/AGaramondPro-Italic.ttf"; sourceTree = "<group>"; };
		0C71AA4266E04E969C13F0D5 /* contentful-logo.png */ = {isa = PBXFileReference; explicitFileType = undefined; fileEncoding = 9; includeInIndex = 0; lastKnownFileType = unknown; name = "contentful-logo.png"; path = "../assets/images/contentful-logo.png"; sourceTree = "<group>"; };
		0D5BADB48D3345F2855C4838 /* SpaceMono-Regular.ttf */ = {isa = PBXFileReference; explicitFileType = undefined; fileEncoding = 9; includeInIndex = 0; lastKnownFileType = unknown; name = "SpaceMono-Regular.ttf"; path = "../assets/fonts/SpaceMono-Regular.ttf"; sourceTree = "<group>"; };
		0FE609ACA8F245F3B15A7A3F /* RNStoreReview.xcodeproj */ = {isa = PBXFileReference; explicitFileType = undefined; fileEncoding = 9; includeInIndex = 0; lastKnownFileType = "wrapper.pb-project"; name = RNStoreReview.xcodeproj; path = "../node_modules/react-native-store-review/ios/RNStoreReview.xcodeproj"; sourceTree = "<group>"; };
		102C039B18074331A61E6F03 /* libAirMaps.a */ = {isa = PBXFileReference; explicitFileType = undefined; fileEncoding = 9; includeInIndex = 0; lastKnownFileType = archive.ar; path = libAirMaps.a; sourceTree = "<group>"; };
		139105B61AF99BAD00B5F7CC /* RCTSettings.xcodeproj */ = {isa = PBXFileReference; lastKnownFileType = "wrapper.pb-project"; name = RCTSettings.xcodeproj; path = "../node_modules/react-native/Libraries/Settings/RCTSettings.xcodeproj"; sourceTree = "<group>"; };
		139FDEE61B06529A00C62182 /* RCTWebSocket.xcodeproj */ = {isa = PBXFileReference; lastKnownFileType = "wrapper.pb-project"; name = RCTWebSocket.xcodeproj; path = "../node_modules/react-native/Libraries/WebSocket/RCTWebSocket.xcodeproj"; sourceTree = "<group>"; };
		13B07F961A680F5B00A75B9A /* StilInBerlin.app */ = {isa = PBXFileReference; explicitFileType = wrapper.application; includeInIndex = 0; path = StilInBerlin.app; sourceTree = BUILT_PRODUCTS_DIR; };
		13B07FAF1A68108700A75B9A /* AppDelegate.h */ = {isa = PBXFileReference; fileEncoding = 4; lastKnownFileType = sourcecode.c.h; name = AppDelegate.h; path = StilInBerlin/AppDelegate.h; sourceTree = "<group>"; };
		13B07FB01A68108700A75B9A /* AppDelegate.m */ = {isa = PBXFileReference; fileEncoding = 4; lastKnownFileType = sourcecode.c.objc; name = AppDelegate.m; path = StilInBerlin/AppDelegate.m; sourceTree = "<group>"; };
		13B07FB21A68108700A75B9A /* Base */ = {isa = PBXFileReference; lastKnownFileType = file.xib; name = Base; path = Base.lproj/LaunchScreen.xib; sourceTree = "<group>"; };
		13B07FB51A68108700A75B9A /* Images.xcassets */ = {isa = PBXFileReference; lastKnownFileType = folder.assetcatalog; name = Images.xcassets; path = StilInBerlin/Images.xcassets; sourceTree = "<group>"; };
		13B07FB61A68108700A75B9A /* Info.plist */ = {isa = PBXFileReference; fileEncoding = 4; lastKnownFileType = text.plist.xml; name = Info.plist; path = StilInBerlin/Info.plist; sourceTree = "<group>"; };
		13B07FB71A68108700A75B9A /* main.m */ = {isa = PBXFileReference; fileEncoding = 4; lastKnownFileType = sourcecode.c.objc; name = main.m; path = StilInBerlin/main.m; sourceTree = "<group>"; };
		146833FF1AC3E56700842450 /* React.xcodeproj */ = {isa = PBXFileReference; lastKnownFileType = "wrapper.pb-project"; name = React.xcodeproj; path = "../node_modules/react-native/React/React.xcodeproj"; sourceTree = "<group>"; };
		169CA2C8EB774244AA55ECF2 /* MaterialCommunityIcons.ttf */ = {isa = PBXFileReference; explicitFileType = undefined; fileEncoding = 9; includeInIndex = 0; lastKnownFileType = unknown; name = MaterialCommunityIcons.ttf; path = "../node_modules/react-native-vector-icons/Fonts/MaterialCommunityIcons.ttf"; sourceTree = "<group>"; };
		1778A2D1E64EB71DB1284E5B /* libPods-StilInBerlinTests.a */ = {isa = PBXFileReference; explicitFileType = archive.ar; includeInIndex = 0; path = "libPods-StilInBerlinTests.a"; sourceTree = BUILT_PRODUCTS_DIR; };
		19878B7C1F9A915400093C8C /* arrow.png */ = {isa = PBXFileReference; lastKnownFileType = image.png; name = arrow.png; path = ../assets/images/arrow.png; sourceTree = "<group>"; };
		19878B7D1F9A915400093C8C /* arrow_selected.png */ = {isa = PBXFileReference; lastKnownFileType = image.png; name = arrow_selected.png; path = ../assets/images/arrow_selected.png; sourceTree = "<group>"; };
		19C0C5A41F52CDD200A52C43 /* GoogleService-Info.plist */ = {isa = PBXFileReference; fileEncoding = 4; lastKnownFileType = text.plist.xml; path = "GoogleService-Info.plist"; sourceTree = "<group>"; };
		19C0C5C71F52DAF600A52C43 /* StilInBerlin.entitlements */ = {isa = PBXFileReference; lastKnownFileType = text.plist.entitlements; name = StilInBerlin.entitlements; path = StilInBerlin/StilInBerlin.entitlements; sourceTree = "<group>"; };
		19F07A3521F4E1B000C4E0BF /* AGaramondPro-Italic.otf */ = {isa = PBXFileReference; lastKnownFileType = file; path = "AGaramondPro-Italic.otf"; sourceTree = "<group>"; };
		19F07A6121F4E1B100C4E0BF /* AGaramondPro-BoldItalic.otf */ = {isa = PBXFileReference; lastKnownFileType = file; path = "AGaramondPro-BoldItalic.otf"; sourceTree = "<group>"; };
		19F07A6221F4E1B100C4E0BF /* AGaramondPro-Regular.otf */ = {isa = PBXFileReference; lastKnownFileType = file; path = "AGaramondPro-Regular.otf"; sourceTree = "<group>"; };
		19F07A6321F4E1B100C4E0BF /* AGaramondPro-Bold.otf */ = {isa = PBXFileReference; lastKnownFileType = file; path = "AGaramondPro-Bold.otf"; sourceTree = "<group>"; };
		1B4120C57233463EBAEB403B /* AGaramondPro-LightItalic.ttf */ = {isa = PBXFileReference; explicitFileType = undefined; fileEncoding = 9; includeInIndex = 0; lastKnownFileType = unknown; name = "AGaramondPro-LightItalic.ttf"; path = "../assets/fonts/AGaramondPro-LightItalic.ttf"; sourceTree = "<group>"; };
		1CFCFF1D60B042DA92D0E0E5 /* AGaramondPro-Bold.ttf */ = {isa = PBXFileReference; explicitFileType = undefined; fileEncoding = 9; includeInIndex = 0; lastKnownFileType = unknown; name = "AGaramondPro-Bold.ttf"; path = "../assets/fonts/AGaramondPro-Bold.ttf"; sourceTree = "<group>"; };
		275EACF5E7254B9B8F29A8C6 /* painted_me@3x.png */ = {isa = PBXFileReference; explicitFileType = undefined; fileEncoding = 9; includeInIndex = 0; lastKnownFileType = unknown; name = "painted_me@3x.png"; path = "../assets/images/painted_me@3x.png"; sourceTree = "<group>"; };
		2F1321E7171843CC805B5348 /* libRCTMapboxGL.a */ = {isa = PBXFileReference; explicitFileType = undefined; fileEncoding = 9; includeInIndex = 0; lastKnownFileType = archive.ar; path = libRCTMapboxGL.a; sourceTree = "<group>"; };
		37D9D447049F41F0BD0BDF97 /* so-icon.png */ = {isa = PBXFileReference; explicitFileType = undefined; fileEncoding = 9; includeInIndex = 0; lastKnownFileType = unknown; name = "so-icon.png"; path = "../assets/images/so-icon.png"; sourceTree = "<group>"; };
		3C0823C55E704A1F9ED7329E /* AGaramondPro-Hairline.ttf */ = {isa = PBXFileReference; explicitFileType = undefined; fileEncoding = 9; includeInIndex = 0; lastKnownFileType = unknown; name = "AGaramondPro-Hairline.ttf"; path = "../assets/fonts/AGaramondPro-Hairline.ttf"; sourceTree = "<group>"; };
		4682E5901FB14960AFFE02B6 /* AGaramondPro-Regular.otf */ = {isa = PBXFileReference; explicitFileType = undefined; fileEncoding = 9; includeInIndex = 0; lastKnownFileType = unknown; name = "AGaramondPro-Regular.otf"; path = "../assets/fonts/AGaramondPro-Regular.otf"; sourceTree = "<group>"; };
		48A6FF9333C240639ABCD271 /* libRNFIRMessaging.a */ = {isa = PBXFileReference; explicitFileType = undefined; fileEncoding = 9; includeInIndex = 0; lastKnownFileType = archive.ar; path = libRNFIRMessaging.a; sourceTree = "<group>"; };
		4DA455D529F24496A0691DCC /* AGaramondPro-Italic.otf */ = {isa = PBXFileReference; explicitFileType = undefined; fileEncoding = 9; includeInIndex = 0; lastKnownFileType = unknown; name = "AGaramondPro-Italic.otf"; path = "../assets/fonts/AGaramondPro-Italic.otf"; sourceTree = "<group>"; };
		4F73EFB84A29460E9E3D52F3 /* Foundation.ttf */ = {isa = PBXFileReference; explicitFileType = undefined; fileEncoding = 9; includeInIndex = 0; lastKnownFileType = unknown; name = Foundation.ttf; path = "../node_modules/react-native-vector-icons/Fonts/Foundation.ttf"; sourceTree = "<group>"; };
		516A25ED0A874EEAA0237EE4 /* libRCTMGL.a */ = {isa = PBXFileReference; explicitFileType = undefined; fileEncoding = 9; includeInIndex = 0; lastKnownFileType = archive.ar; path = libRCTMGL.a; sourceTree = "<group>"; };
		517578867665D9E46B611E58 /* libPods-StilInBerlin.a */ = {isa = PBXFileReference; explicitFileType = archive.ar; includeInIndex = 0; path = "libPods-StilInBerlin.a"; sourceTree = BUILT_PRODUCTS_DIR; };
		5240EFD2E445D2531EE54536 /* Pods-StilInBerlinTests.release.xcconfig */ = {isa = PBXFileReference; includeInIndex = 1; lastKnownFileType = text.xcconfig; name = "Pods-StilInBerlinTests.release.xcconfig"; path = "Pods/Target Support Files/Pods-StilInBerlinTests/Pods-StilInBerlinTests.release.xcconfig"; sourceTree = "<group>"; };
		52942F68FBFD47CB95DA985A /* Octicons.ttf */ = {isa = PBXFileReference; explicitFileType = undefined; fileEncoding = 9; includeInIndex = 0; lastKnownFileType = unknown; name = Octicons.ttf; path = "../node_modules/react-native-vector-icons/Fonts/Octicons.ttf"; sourceTree = "<group>"; };
		5B7CEB9457055DA465FD9E39 /* Pods-StilInBerlinTests.debug.xcconfig */ = {isa = PBXFileReference; includeInIndex = 1; lastKnownFileType = text.xcconfig; name = "Pods-StilInBerlinTests.debug.xcconfig"; path = "Pods/Target Support Files/Pods-StilInBerlinTests/Pods-StilInBerlinTests.debug.xcconfig"; sourceTree = "<group>"; };
		5C0FBC83E7BE4BC893D47021 /* libRNFIRAnalytics.a */ = {isa = PBXFileReference; explicitFileType = undefined; fileEncoding = 9; includeInIndex = 0; lastKnownFileType = archive.ar; path = libRNFIRAnalytics.a; sourceTree = "<group>"; };
		5E91572D1DD0AC6500FF2AA8 /* RCTAnimation.xcodeproj */ = {isa = PBXFileReference; lastKnownFileType = "wrapper.pb-project"; name = RCTAnimation.xcodeproj; path = "../node_modules/react-native/Libraries/NativeAnimation/RCTAnimation.xcodeproj"; sourceTree = "<group>"; };
		67944EC663534AD18B976C3B /* map-annotation.png */ = {isa = PBXFileReference; explicitFileType = undefined; fileEncoding = 9; includeInIndex = 0; lastKnownFileType = unknown; name = "map-annotation.png"; path = "../assets/images/map-annotation.png"; sourceTree = "<group>"; };
		685E2DA0CE2B4494A95BCDEF /* RNI18n.xcodeproj */ = {isa = PBXFileReference; explicitFileType = undefined; fileEncoding = 9; includeInIndex = 0; lastKnownFileType = "wrapper.pb-project"; name = RNI18n.xcodeproj; path = "../node_modules/react-native-i18n/ios/RNI18n.xcodeproj"; sourceTree = "<group>"; };
		69EDE305380C4088AD782F93 /* AGaramondPro-HairlineItalic.ttf */ = {isa = PBXFileReference; explicitFileType = undefined; fileEncoding = 9; includeInIndex = 0; lastKnownFileType = unknown; name = "AGaramondPro-HairlineItalic.ttf"; path = "../assets/fonts/AGaramondPro-HairlineItalic.ttf"; sourceTree = "<group>"; };
		6C75DCFDD07A4648954E8D68 /* FontAwesome5_Solid.ttf */ = {isa = PBXFileReference; explicitFileType = undefined; fileEncoding = 9; includeInIndex = 0; lastKnownFileType = unknown; name = FontAwesome5_Solid.ttf; path = "../node_modules/react-native-vector-icons/Fonts/FontAwesome5_Solid.ttf"; sourceTree = "<group>"; };
		74C24ADA59B64CE5A14C81D5 /* RNShare.xcodeproj */ = {isa = PBXFileReference; explicitFileType = undefined; fileEncoding = 9; includeInIndex = 0; lastKnownFileType = "wrapper.pb-project"; name = RNShare.xcodeproj; path = "../node_modules/react-native-share/ios/RNShare.xcodeproj"; sourceTree = "<group>"; };
		75E5582403BB43279A6129BD /* libRNFirebase.a */ = {isa = PBXFileReference; explicitFileType = undefined; fileEncoding = 9; includeInIndex = 0; lastKnownFileType = archive.ar; path = libRNFirebase.a; sourceTree = "<group>"; };
		76056F7CEE03454DA3211417 /* AGaramondPro-Light.ttf */ = {isa = PBXFileReference; explicitFileType = undefined; fileEncoding = 9; includeInIndex = 0; lastKnownFileType = unknown; name = "AGaramondPro-Light.ttf"; path = "../assets/fonts/AGaramondPro-Light.ttf"; sourceTree = "<group>"; };
		78C398B01ACF4ADC00677621 /* RCTLinking.xcodeproj */ = {isa = PBXFileReference; lastKnownFileType = "wrapper.pb-project"; name = RCTLinking.xcodeproj; path = "../node_modules/react-native/Libraries/LinkingIOS/RCTLinking.xcodeproj"; sourceTree = "<group>"; };
		7C01259ACA9D471399CBEAC6 /* FontAwesome5_Regular.ttf */ = {isa = PBXFileReference; explicitFileType = undefined; fileEncoding = 9; includeInIndex = 0; lastKnownFileType = unknown; name = FontAwesome5_Regular.ttf; path = "../node_modules/react-native-vector-icons/Fonts/FontAwesome5_Regular.ttf"; sourceTree = "<group>"; };
		82D2036AA50049539C14FD83 /* map-annotation@3x.png */ = {isa = PBXFileReference; explicitFileType = undefined; fileEncoding = 9; includeInIndex = 0; lastKnownFileType = unknown; name = "map-annotation@3x.png"; path = "../assets/images/map-annotation@3x.png"; sourceTree = "<group>"; };
		832341B01AAA6A8300B99B32 /* RCTText.xcodeproj */ = {isa = PBXFileReference; lastKnownFileType = "wrapper.pb-project"; name = RCTText.xcodeproj; path = "../node_modules/react-native/Libraries/Text/RCTText.xcodeproj"; sourceTree = "<group>"; };
		8833F8390E5D428A8D0219E2 /* RCTMGL.xcodeproj */ = {isa = PBXFileReference; explicitFileType = undefined; fileEncoding = 9; includeInIndex = 0; lastKnownFileType = "wrapper.pb-project"; name = RCTMGL.xcodeproj; path = "../node_modules/@mapbox/react-native-mapbox-gl/ios/RCTMGL.xcodeproj"; sourceTree = "<group>"; };
		889933646C8E4960A024805D /* libRNShare.a */ = {isa = PBXFileReference; explicitFileType = undefined; fileEncoding = 9; includeInIndex = 0; lastKnownFileType = archive.ar; path = libRNShare.a; sourceTree = "<group>"; };
		8C3E8DDEDFDF4188951D4E9E /* Ionicons.ttf */ = {isa = PBXFileReference; explicitFileType = undefined; fileEncoding = 9; includeInIndex = 0; lastKnownFileType = unknown; name = Ionicons.ttf; path = "../node_modules/react-native-vector-icons/Fonts/Ionicons.ttf"; sourceTree = "<group>"; };
		8D0C90E63F8341C3B7A75B61 /* map-annotation@2x.png */ = {isa = PBXFileReference; explicitFileType = undefined; fileEncoding = 9; includeInIndex = 0; lastKnownFileType = unknown; name = "map-annotation@2x.png"; path = "../assets/images/map-annotation@2x.png"; sourceTree = "<group>"; };
		90D5B126A4774CEF9CA621A0 /* Zocial.ttf */ = {isa = PBXFileReference; explicitFileType = undefined; fileEncoding = 9; includeInIndex = 0; lastKnownFileType = unknown; name = Zocial.ttf; path = "../node_modules/react-native-vector-icons/Fonts/Zocial.ttf"; sourceTree = "<group>"; };
		988991E3B3704E1DA4CE82EE /* mapbox-logo.png */ = {isa = PBXFileReference; explicitFileType = undefined; fileEncoding = 9; includeInIndex = 0; lastKnownFileType = unknown; name = "mapbox-logo.png"; path = "../assets/images/mapbox-logo.png"; sourceTree = "<group>"; };
		9DD7E11B2E134793AA3A2DE3 /* AGaramondPro-BoldItalic.ttf */ = {isa = PBXFileReference; explicitFileType = undefined; fileEncoding = 9; includeInIndex = 0; lastKnownFileType = unknown; name = "AGaramondPro-BoldItalic.ttf"; path = "../assets/fonts/AGaramondPro-BoldItalic.ttf"; sourceTree = "<group>"; };
		A0F69DF7A9F640AC903100EB /* FontAwesome.ttf */ = {isa = PBXFileReference; explicitFileType = undefined; fileEncoding = 9; includeInIndex = 0; lastKnownFileType = unknown; name = FontAwesome.ttf; path = "../node_modules/react-native-vector-icons/Fonts/FontAwesome.ttf"; sourceTree = "<group>"; };
		A226AB8B51E24D79A05ADF2F /* Feather.ttf */ = {isa = PBXFileReference; explicitFileType = undefined; fileEncoding = 9; includeInIndex = 0; lastKnownFileType = unknown; name = Feather.ttf; path = "../node_modules/react-native-vector-icons/Fonts/Feather.ttf"; sourceTree = "<group>"; };
		A86C400F702C4FE6A37EECD6 /* MaterialIcons.ttf */ = {isa = PBXFileReference; explicitFileType = undefined; fileEncoding = 9; includeInIndex = 0; lastKnownFileType = unknown; name = MaterialIcons.ttf; path = "../node_modules/react-native-vector-icons/Fonts/MaterialIcons.ttf"; sourceTree = "<group>"; };
		ADC494250052446398E22FE3 /* SimpleLineIcons.ttf */ = {isa = PBXFileReference; explicitFileType = undefined; fileEncoding = 9; includeInIndex = 0; lastKnownFileType = unknown; name = SimpleLineIcons.ttf; path = "../node_modules/react-native-vector-icons/Fonts/SimpleLineIcons.ttf"; sourceTree = "<group>"; };
		AF1AAC9A2A484FD5B07192CD /* AGaramondPro-Bold.otf */ = {isa = PBXFileReference; explicitFileType = undefined; fileEncoding = 9; includeInIndex = 0; lastKnownFileType = unknown; name = "AGaramondPro-Bold.otf"; path = "../assets/fonts/AGaramondPro-Bold.otf"; sourceTree = "<group>"; };
		AFF4C280CDE644459DDFAC3D /* libRNI18n.a */ = {isa = PBXFileReference; explicitFileType = undefined; fileEncoding = 9; includeInIndex = 0; lastKnownFileType = archive.ar; path = libRNI18n.a; sourceTree = "<group>"; };
		B0A49159DD874D3E9529D281 /* calendardays@2x.png */ = {isa = PBXFileReference; explicitFileType = undefined; fileEncoding = 9; includeInIndex = 0; lastKnownFileType = unknown; name = "calendardays@2x.png"; path = "../assets/images/calendardays@2x.png"; sourceTree = "<group>"; };
		B4E3E48F92B84AB2888C45CA /* painted_me.png */ = {isa = PBXFileReference; explicitFileType = undefined; fileEncoding = 9; includeInIndex = 0; lastKnownFileType = unknown; name = painted_me.png; path = ../assets/images/painted_me.png; sourceTree = "<group>"; };
		B63D433003D84DF5A089B66C /* AGaramondPro-Black.ttf */ = {isa = PBXFileReference; explicitFileType = undefined; fileEncoding = 9; includeInIndex = 0; lastKnownFileType = unknown; name = "AGaramondPro-Black.ttf"; path = "../assets/fonts/AGaramondPro-Black.ttf"; sourceTree = "<group>"; };
		B6C3DE3261094D8DBC07D965 /* libRNVectorIcons.a */ = {isa = PBXFileReference; explicitFileType = undefined; fileEncoding = 9; includeInIndex = 0; lastKnownFileType = archive.ar; path = libRNVectorIcons.a; sourceTree = "<group>"; };
		C39B8C03F3A84F79875B3E72 /* EvilIcons.ttf */ = {isa = PBXFileReference; explicitFileType = undefined; fileEncoding = 9; includeInIndex = 0; lastKnownFileType = unknown; name = EvilIcons.ttf; path = "../node_modules/react-native-vector-icons/Fonts/EvilIcons.ttf"; sourceTree = "<group>"; };
		C9BA6EF2A3654ED798789849 /* RNVectorIcons.xcodeproj */ = {isa = PBXFileReference; explicitFileType = undefined; fileEncoding = 9; includeInIndex = 0; lastKnownFileType = "wrapper.pb-project"; name = RNVectorIcons.xcodeproj; path = "../node_modules/react-native-vector-icons/RNVectorIcons.xcodeproj"; sourceTree = "<group>"; };
		CBEE7CFD250940F482327978 /* painted_me@2x.png */ = {isa = PBXFileReference; explicitFileType = undefined; fileEncoding = 9; includeInIndex = 0; lastKnownFileType = unknown; name = "painted_me@2x.png"; path = "../assets/images/painted_me@2x.png"; sourceTree = "<group>"; };
		CE99C8A52D01410EBC93C743 /* arrow-forward.png */ = {isa = PBXFileReference; explicitFileType = undefined; fileEncoding = 9; includeInIndex = 0; lastKnownFileType = unknown; name = "arrow-forward.png"; path = "../assets/images/arrow-forward.png"; sourceTree = "<group>"; };
		CFC65054C304431D941B9759 /* AntDesign.ttf */ = {isa = PBXFileReference; explicitFileType = undefined; fileEncoding = 9; includeInIndex = 0; lastKnownFileType = unknown; name = AntDesign.ttf; path = "../node_modules/react-native-vector-icons/Fonts/AntDesign.ttf"; sourceTree = "<group>"; };
		D4C8B96D521C4540B2193D91 /* libRNStoreReview.a */ = {isa = PBXFileReference; explicitFileType = undefined; fileEncoding = 9; includeInIndex = 0; lastKnownFileType = archive.ar; path = libRNStoreReview.a; sourceTree = "<group>"; };
		D7948E4BED28427386C2BF99 /* icon_background.png */ = {isa = PBXFileReference; explicitFileType = undefined; fileEncoding = 9; includeInIndex = 0; lastKnownFileType = unknown; name = icon_background.png; path = ../assets/images/icon_background.png; sourceTree = "<group>"; };
		E56C78A538AF473FA21D073D /* AGaramondPro-BoldItalic.otf */ = {isa = PBXFileReference; explicitFileType = undefined; fileEncoding = 9; includeInIndex = 0; lastKnownFileType = unknown; name = "AGaramondPro-BoldItalic.otf"; path = "../assets/fonts/AGaramondPro-BoldItalic.otf"; sourceTree = "<group>"; };
		E8EDFDFD26314692A1114734 /* AGaramondPro-BlackItalic.ttf */ = {isa = PBXFileReference; explicitFileType = undefined; fileEncoding = 9; includeInIndex = 0; lastKnownFileType = unknown; name = "AGaramondPro-BlackItalic.ttf"; path = "../assets/fonts/AGaramondPro-BlackItalic.ttf"; sourceTree = "<group>"; };
		EA99DB9FAE5148F4B029B2DA /* RNFIRAnalytics.xcodeproj */ = {isa = PBXFileReference; explicitFileType = undefined; fileEncoding = 9; includeInIndex = 0; lastKnownFileType = "wrapper.pb-project"; name = RNFIRAnalytics.xcodeproj; path = "../node_modules/react-native-firebase-analytics/ios/RNFIRAnalytics.xcodeproj"; sourceTree = "<group>"; };
		EB0E965CF19146D19A0EDF98 /* AGaramondPro-Regular.ttf */ = {isa = PBXFileReference; explicitFileType = undefined; fileEncoding = 9; includeInIndex = 0; lastKnownFileType = unknown; name = "AGaramondPro-Regular.ttf"; path = "../assets/fonts/AGaramondPro-Regular.ttf"; sourceTree = "<group>"; };
		ED217293B2CE49B1B4968158 /* FontAwesome5_Brands.ttf */ = {isa = PBXFileReference; explicitFileType = undefined; fileEncoding = 9; includeInIndex = 0; lastKnownFileType = unknown; name = FontAwesome5_Brands.ttf; path = "../node_modules/react-native-vector-icons/Fonts/FontAwesome5_Brands.ttf"; sourceTree = "<group>"; };
		EE3BA73FDAD6870AA41EA291 /* Pods-StilInBerlin.debug.xcconfig */ = {isa = PBXFileReference; includeInIndex = 1; lastKnownFileType = text.xcconfig; name = "Pods-StilInBerlin.debug.xcconfig"; path = "Pods/Target Support Files/Pods-StilInBerlin/Pods-StilInBerlin.debug.xcconfig"; sourceTree = "<group>"; };
		FEB763D8AFF14BDDA324E748 /* Entypo.ttf */ = {isa = PBXFileReference; explicitFileType = undefined; fileEncoding = 9; includeInIndex = 0; lastKnownFileType = unknown; name = Entypo.ttf; path = "../node_modules/react-native-vector-icons/Fonts/Entypo.ttf"; sourceTree = "<group>"; };
		FFD8D9C6785E4E1F86D93F2A /* calendardays@3x.png */ = {isa = PBXFileReference; explicitFileType = undefined; fileEncoding = 9; includeInIndex = 0; lastKnownFileType = unknown; name = "calendardays@3x.png"; path = "../assets/images/calendardays@3x.png"; sourceTree = "<group>"; };
/* End PBXFileReference section */

/* Begin PBXFrameworksBuildPhase section */
		00E356EB1AD99517003FC87E /* Frameworks */ = {
			isa = PBXFrameworksBuildPhase;
			buildActionMask = 2147483647;
			files = (
				140ED2AC1D01E1AD002B40FF /* libReact.a in Frameworks */,
				694291C5D407E2EEEBB3E740 /* libPods-StilInBerlinTests.a in Frameworks */,
			);
			runOnlyForDeploymentPostprocessing = 0;
		};
		13B07F8C1A680F5B00A75B9A /* Frameworks */ = {
			isa = PBXFrameworksBuildPhase;
			buildActionMask = 2147483647;
			files = (
				146834051AC3E58100842450 /* libReact.a in Frameworks */,
				5E9157361DD0AC6A00FF2AA8 /* libRCTAnimation.a in Frameworks */,
				00C302E51ABCBA2D00DB3ED1 /* libRCTActionSheet.a in Frameworks */,
				00C302E71ABCBA2D00DB3ED1 /* libRCTGeolocation.a in Frameworks */,
				00C302E81ABCBA2D00DB3ED1 /* libRCTImage.a in Frameworks */,
				133E29F31AD74F7200F7D852 /* libRCTLinking.a in Frameworks */,
				00C302E91ABCBA2D00DB3ED1 /* libRCTNetwork.a in Frameworks */,
				139105C61AF99C1200B5F7CC /* libRCTSettings.a in Frameworks */,
				832341BD1AAA6AB300B99B32 /* libRCTText.a in Frameworks */,
				00C302EA1ABCBA2D00DB3ED1 /* libRCTVibration.a in Frameworks */,
				139FDEF61B0652A700C62182 /* libRCTWebSocket.a in Frameworks */,
				B6D87BC655854B8FBD625D58 /* libRNVectorIcons.a in Frameworks */,
				BAF1BE6E1804417F8B64E2A8 /* libRNFIRAnalytics.a in Frameworks */,
				2FE01CEA093E43DD9ACDFAE1 /* libRNShare.a in Frameworks */,
				03E4127722DA474079134EBB /* libPods-StilInBerlin.a in Frameworks */,
				25CF5729CCE740FF91234211 /* libRNI18n.a in Frameworks */,
				F6ED4EFBD30642AAB324C1EF /* libRNStoreReview.a in Frameworks */,
			);
			runOnlyForDeploymentPostprocessing = 0;
		};
/* End PBXFrameworksBuildPhase section */

/* Begin PBXGroup section */
		00C302A81ABCB8CE00DB3ED1 /* Products */ = {
			isa = PBXGroup;
			children = (
				00C302AC1ABCB8CE00DB3ED1 /* libRCTActionSheet.a */,
			);
			name = Products;
			sourceTree = "<group>";
		};
		00C302B61ABCB90400DB3ED1 /* Products */ = {
			isa = PBXGroup;
			children = (
				00C302BA1ABCB90400DB3ED1 /* libRCTGeolocation.a */,
			);
			name = Products;
			sourceTree = "<group>";
		};
		00C302BC1ABCB91800DB3ED1 /* Products */ = {
			isa = PBXGroup;
			children = (
				00C302C01ABCB91800DB3ED1 /* libRCTImage.a */,
				3DAD3E841DF850E9000B6D8A /* libRCTImage-tvOS.a */,
			);
			name = Products;
			sourceTree = "<group>";
		};
		00C302D41ABCB9D200DB3ED1 /* Products */ = {
			isa = PBXGroup;
			children = (
				00C302DC1ABCB9D200DB3ED1 /* libRCTNetwork.a */,
				3DAD3E8C1DF850E9000B6D8A /* libRCTNetwork-tvOS.a */,
			);
			name = Products;
			sourceTree = "<group>";
		};
		00C302E01ABCB9EE00DB3ED1 /* Products */ = {
			isa = PBXGroup;
			children = (
				00C302E41ABCB9EE00DB3ED1 /* libRCTVibration.a */,
			);
			name = Products;
			sourceTree = "<group>";
		};
		00E356EF1AD99517003FC87E /* StilInBerlinTests */ = {
			isa = PBXGroup;
			children = (
				00E356F21AD99517003FC87E /* StilInBerlinTests.m */,
				00E356F01AD99517003FC87E /* Supporting Files */,
			);
			path = StilInBerlinTests;
			sourceTree = "<group>";
		};
		00E356F01AD99517003FC87E /* Supporting Files */ = {
			isa = PBXGroup;
			children = (
				00E356F11AD99517003FC87E /* Info.plist */,
			);
			name = "Supporting Files";
			sourceTree = "<group>";
		};
		139105B71AF99BAD00B5F7CC /* Products */ = {
			isa = PBXGroup;
			children = (
				139105C11AF99BAD00B5F7CC /* libRCTSettings.a */,
				3DAD3E901DF850E9000B6D8A /* libRCTSettings-tvOS.a */,
			);
			name = Products;
			sourceTree = "<group>";
		};
		139FDEE71B06529A00C62182 /* Products */ = {
			isa = PBXGroup;
			children = (
				139FDEF41B06529B00C62182 /* libRCTWebSocket.a */,
				3DAD3E991DF850E9000B6D8A /* libRCTWebSocket-tvOS.a */,
				190813211FF663C000D7AECF /* libfishhook.a */,
				190813231FF663C000D7AECF /* libfishhook-tvOS.a */,
			);
			name = Products;
			sourceTree = "<group>";
		};
		13B07FAE1A68108700A75B9A /* StilInBerlin */ = {
			isa = PBXGroup;
			children = (
				19C0C5C71F52DAF600A52C43 /* StilInBerlin.entitlements */,
				19C0C5A41F52CDD200A52C43 /* GoogleService-Info.plist */,
				008F07F21AC5B25A0029DE68 /* main.jsbundle */,
				13B07FAF1A68108700A75B9A /* AppDelegate.h */,
				13B07FB01A68108700A75B9A /* AppDelegate.m */,
				13B07FB51A68108700A75B9A /* Images.xcassets */,
				13B07FB61A68108700A75B9A /* Info.plist */,
				13B07FB11A68108700A75B9A /* LaunchScreen.xib */,
				13B07FB71A68108700A75B9A /* main.m */,
			);
			name = StilInBerlin;
			sourceTree = "<group>";
		};
		146834001AC3E56700842450 /* Products */ = {
			isa = PBXGroup;
			children = (
				146834041AC3E56700842450 /* libReact.a */,
				3DAD3EA31DF850E9000B6D8A /* libReact.a */,
				3DAD3EA51DF850E9000B6D8A /* libyoga.a */,
				3DAD3EA71DF850E9000B6D8A /* libyoga.a */,
				3DAD3EA91DF850E9000B6D8A /* libcxxreact.a */,
				3DAD3EAB1DF850E9000B6D8A /* libcxxreact.a */,
				3DAD3EAD1DF850E9000B6D8A /* libjschelpers.a */,
				3DAD3EAF1DF850E9000B6D8A /* libjschelpers.a */,
				19542D4321C9916800AC034E /* libjsinspector.a */,
				19542D4521C9916800AC034E /* libjsinspector-tvOS.a */,
				19760BCE1FBBA0A800D2E88B /* libthird-party.a */,
				19760BD01FBBA0A800D2E88B /* libthird-party.a */,
				19760BD21FBBA0A800D2E88B /* libdouble-conversion.a */,
				19760BD41FBBA0A800D2E88B /* libdouble-conversion.a */,
				190813331FF663C000D7AECF /* libprivatedata.a */,
				190813351FF663C000D7AECF /* libprivatedata-tvOS.a */,
			);
			name = Products;
			sourceTree = "<group>";
		};
		1908133C1FF663C000D7AECF /* Products */ = {
			isa = PBXGroup;
			children = (
				190813401FF663C000D7AECF /* libRCTMGL.a */,
			);
			name = Products;
			sourceTree = "<group>";
		};
		191D8A212013D44200A81442 /* Products */ = {
			isa = PBXGroup;
			children = (
				191D8A252013D44200A81442 /* libRNStoreReview.a */,
			);
			name = Products;
			sourceTree = "<group>";
		};
		1943D4791F69D793004783AA /* Recovered References */ = {
			isa = PBXGroup;
			children = (
				48A6FF9333C240639ABCD271 /* libRNFIRMessaging.a */,
				75E5582403BB43279A6129BD /* libRNFirebase.a */,
				102C039B18074331A61E6F03 /* libAirMaps.a */,
				B6C3DE3261094D8DBC07D965 /* libRNVectorIcons.a */,
				5C0FBC83E7BE4BC893D47021 /* libRNFIRAnalytics.a */,
				889933646C8E4960A024805D /* libRNShare.a */,
				2F1321E7171843CC805B5348 /* libRCTMapboxGL.a */,
				AFF4C280CDE644459DDFAC3D /* libRNI18n.a */,
				516A25ED0A874EEAA0237EE4 /* libRCTMGL.a */,
				D4C8B96D521C4540B2193D91 /* libRNStoreReview.a */,
			);
			name = "Recovered References";
			sourceTree = "<group>";
		};
		194556381F95E89C00DDC4A2 /* Products */ = {
			isa = PBXGroup;
			children = (
				1945563C1F95E89C00DDC4A2 /* libRNShare.a */,
			);
			name = Products;
			sourceTree = "<group>";
		};
		19760BD91FBBA0A900D2E88B /* Products */ = {
			isa = PBXGroup;
			children = (
				19760BDE1FBBA0A900D2E88B /* libRNI18n.a */,
				19760BE01FBBA0A900D2E88B /* libRNI18n-tvOS.a */,
			);
			name = Products;
			sourceTree = "<group>";
		};
		199A29851F5AEC540057F824 /* Products */ = {
			isa = PBXGroup;
			children = (
				199A29A71F5AEC540057F824 /* libRNFIRAnalytics.a */,
			);
			name = Products;
			sourceTree = "<group>";
		};
		19C0C4BA1F51BC2700A52C43 /* Products */ = {
			isa = PBXGroup;
			children = (
				19C0C4EC1F51BC2700A52C43 /* libRNVectorIcons.a */,
				19542D4E21C9916800AC034E /* libRNVectorIcons-tvOS.a */,
			);
			name = Products;
			sourceTree = "<group>";
		};
		3A26913AB75EC10F96F3BDA6 /* Pods */ = {
			isa = PBXGroup;
			children = (
				EE3BA73FDAD6870AA41EA291 /* Pods-StilInBerlin.debug.xcconfig */,
				02E522043F6EDBF91F467E94 /* Pods-StilInBerlin.release.xcconfig */,
				5B7CEB9457055DA465FD9E39 /* Pods-StilInBerlinTests.debug.xcconfig */,
				5240EFD2E445D2531EE54536 /* Pods-StilInBerlinTests.release.xcconfig */,
			);
			name = Pods;
			sourceTree = "<group>";
		};
		5E91572E1DD0AC6500FF2AA8 /* Products */ = {
			isa = PBXGroup;
			children = (
				5E9157331DD0AC6500FF2AA8 /* libRCTAnimation.a */,
				5E9157351DD0AC6500FF2AA8 /* libRCTAnimation.a */,
			);
			name = Products;
			sourceTree = "<group>";
		};
		78C398B11ACF4ADC00677621 /* Products */ = {
			isa = PBXGroup;
			children = (
				78C398B91ACF4ADC00677621 /* libRCTLinking.a */,
				3DAD3E881DF850E9000B6D8A /* libRCTLinking-tvOS.a */,
			);
			name = Products;
			sourceTree = "<group>";
		};
		832341AE1AAA6A7D00B99B32 /* Libraries */ = {
			isa = PBXGroup;
			children = (
				5E91572D1DD0AC6500FF2AA8 /* RCTAnimation.xcodeproj */,
				146833FF1AC3E56700842450 /* React.xcodeproj */,
				00C302A71ABCB8CE00DB3ED1 /* RCTActionSheet.xcodeproj */,
				00C302B51ABCB90400DB3ED1 /* RCTGeolocation.xcodeproj */,
				00C302BB1ABCB91800DB3ED1 /* RCTImage.xcodeproj */,
				78C398B01ACF4ADC00677621 /* RCTLinking.xcodeproj */,
				00C302D31ABCB9D200DB3ED1 /* RCTNetwork.xcodeproj */,
				139105B61AF99BAD00B5F7CC /* RCTSettings.xcodeproj */,
				832341B01AAA6A8300B99B32 /* RCTText.xcodeproj */,
				00C302DF1ABCB9EE00DB3ED1 /* RCTVibration.xcodeproj */,
				139FDEE61B06529A00C62182 /* RCTWebSocket.xcodeproj */,
				C9BA6EF2A3654ED798789849 /* RNVectorIcons.xcodeproj */,
				EA99DB9FAE5148F4B029B2DA /* RNFIRAnalytics.xcodeproj */,
				74C24ADA59B64CE5A14C81D5 /* RNShare.xcodeproj */,
				685E2DA0CE2B4494A95BCDEF /* RNI18n.xcodeproj */,
				8833F8390E5D428A8D0219E2 /* RCTMGL.xcodeproj */,
				0FE609ACA8F245F3B15A7A3F /* RNStoreReview.xcodeproj */,
			);
			name = Libraries;
			sourceTree = "<group>";
		};
		832341B11AAA6A8300B99B32 /* Products */ = {
			isa = PBXGroup;
			children = (
				832341B51AAA6A8300B99B32 /* libRCTText.a */,
				3DAD3E941DF850E9000B6D8A /* libRCTText-tvOS.a */,
			);
			name = Products;
			sourceTree = "<group>";
		};
		83CBB9F61A601CBA00E9B192 = {
			isa = PBXGroup;
			children = (
				13B07FAE1A68108700A75B9A /* StilInBerlin */,
				832341AE1AAA6A7D00B99B32 /* Libraries */,
				00E356EF1AD99517003FC87E /* StilInBerlinTests */,
				83CBBA001A601CBA00E9B192 /* Products */,
				FF8AF07602334C0E9F286D95 /* Resources */,
				3A26913AB75EC10F96F3BDA6 /* Pods */,
				D92D0EFB38145CCEF38B895E /* Frameworks */,
				1943D4791F69D793004783AA /* Recovered References */,
			);
			indentWidth = 2;
			sourceTree = "<group>";
			tabWidth = 2;
		};
		83CBBA001A601CBA00E9B192 /* Products */ = {
			isa = PBXGroup;
			children = (
				13B07F961A680F5B00A75B9A /* StilInBerlin.app */,
				00E356EE1AD99517003FC87E /* StilInBerlinTests.xctest */,
			);
			name = Products;
			sourceTree = "<group>";
		};
		D92D0EFB38145CCEF38B895E /* Frameworks */ = {
			isa = PBXGroup;
			children = (
				517578867665D9E46B611E58 /* libPods-StilInBerlin.a */,
				1778A2D1E64EB71DB1284E5B /* libPods-StilInBerlinTests.a */,
			);
			name = Frameworks;
			sourceTree = "<group>";
		};
		FF8AF07602334C0E9F286D95 /* Resources */ = {
			isa = PBXGroup;
			children = (
				19878B7D1F9A915400093C8C /* arrow_selected.png */,
				19878B7C1F9A915400093C8C /* arrow.png */,
				FEB763D8AFF14BDDA324E748 /* Entypo.ttf */,
				C39B8C03F3A84F79875B3E72 /* EvilIcons.ttf */,
				A0F69DF7A9F640AC903100EB /* FontAwesome.ttf */,
				4F73EFB84A29460E9E3D52F3 /* Foundation.ttf */,
				8C3E8DDEDFDF4188951D4E9E /* Ionicons.ttf */,
				169CA2C8EB774244AA55ECF2 /* MaterialCommunityIcons.ttf */,
				A86C400F702C4FE6A37EECD6 /* MaterialIcons.ttf */,
				52942F68FBFD47CB95DA985A /* Octicons.ttf */,
				ADC494250052446398E22FE3 /* SimpleLineIcons.ttf */,
				90D5B126A4774CEF9CA621A0 /* Zocial.ttf */,
				1CFCFF1D60B042DA92D0E0E5 /* AGaramondPro-Bold.ttf */,
				76056F7CEE03454DA3211417 /* AGaramondPro-Light.ttf */,
				0D5BADB48D3345F2855C4838 /* SpaceMono-Regular.ttf */,
				B63D433003D84DF5A089B66C /* AGaramondPro-Black.ttf */,
				E8EDFDFD26314692A1114734 /* AGaramondPro-BlackItalic.ttf */,
				9DD7E11B2E134793AA3A2DE3 /* AGaramondPro-BoldItalic.ttf */,
				3C0823C55E704A1F9ED7329E /* AGaramondPro-Hairline.ttf */,
				69EDE305380C4088AD782F93 /* AGaramondPro-HairlineItalic.ttf */,
				07AD76039DB84195B47B60D2 /* AGaramondPro-Italic.ttf */,
				1B4120C57233463EBAEB403B /* AGaramondPro-LightItalic.ttf */,
				EB0E965CF19146D19A0EDF98 /* AGaramondPro-Regular.ttf */,
				A226AB8B51E24D79A05ADF2F /* Feather.ttf */,
				CE99C8A52D01410EBC93C743 /* arrow-forward.png */,
				B0A49159DD874D3E9529D281 /* calendardays@2x.png */,
				FFD8D9C6785E4E1F86D93F2A /* calendardays@3x.png */,
				D7948E4BED28427386C2BF99 /* icon_background.png */,
				67944EC663534AD18B976C3B /* map-annotation.png */,
				19F07A6321F4E1B100C4E0BF /* AGaramondPro-Bold.otf */,
				19F07A6121F4E1B100C4E0BF /* AGaramondPro-BoldItalic.otf */,
				19F07A3521F4E1B000C4E0BF /* AGaramondPro-Italic.otf */,
				19F07A6221F4E1B100C4E0BF /* AGaramondPro-Regular.otf */,
				8D0C90E63F8341C3B7A75B61 /* map-annotation@2x.png */,
				82D2036AA50049539C14FD83 /* map-annotation@3x.png */,
				37D9D447049F41F0BD0BDF97 /* so-icon.png */,
				0C71AA4266E04E969C13F0D5 /* contentful-logo.png */,
				988991E3B3704E1DA4CE82EE /* mapbox-logo.png */,
				B4E3E48F92B84AB2888C45CA /* painted_me.png */,
				275EACF5E7254B9B8F29A8C6 /* painted_me@3x.png */,
				CBEE7CFD250940F482327978 /* painted_me@2x.png */,
				AF1AAC9A2A484FD5B07192CD /* AGaramondPro-Bold.otf */,
				E56C78A538AF473FA21D073D /* AGaramondPro-BoldItalic.otf */,
				4DA455D529F24496A0691DCC /* AGaramondPro-Italic.otf */,
				4682E5901FB14960AFFE02B6 /* AGaramondPro-Regular.otf */,
				CFC65054C304431D941B9759 /* AntDesign.ttf */,
				ED217293B2CE49B1B4968158 /* FontAwesome5_Brands.ttf */,
				7C01259ACA9D471399CBEAC6 /* FontAwesome5_Regular.ttf */,
				6C75DCFDD07A4648954E8D68 /* FontAwesome5_Solid.ttf */,
			);
			name = Resources;
			sourceTree = "<group>";
		};
/* End PBXGroup section */

/* Begin PBXNativeTarget section */
		00E356ED1AD99517003FC87E /* StilInBerlinTests */ = {
			isa = PBXNativeTarget;
			buildConfigurationList = 00E357021AD99517003FC87E /* Build configuration list for PBXNativeTarget "StilInBerlinTests" */;
			buildPhases = (
				3AD56DE4F3E0EE927A36F92D /* [CP] Check Pods Manifest.lock */,
				00E356EA1AD99517003FC87E /* Sources */,
				00E356EB1AD99517003FC87E /* Frameworks */,
				00E356EC1AD99517003FC87E /* Resources */,
				6962B9639A8D18C4EFD87FB4 /* [CP] Embed Pods Frameworks */,
				6B624104C4FB4C822474DDE3 /* [CP] Copy Pods Resources */,
			);
			buildRules = (
			);
			dependencies = (
				00E356F51AD99517003FC87E /* PBXTargetDependency */,
			);
			name = StilInBerlinTests;
			productName = StilInBerlinTests;
			productReference = 00E356EE1AD99517003FC87E /* StilInBerlinTests.xctest */;
			productType = "com.apple.product-type.bundle.unit-test";
		};
		13B07F861A680F5B00A75B9A /* StilInBerlin */ = {
			isa = PBXNativeTarget;
			buildConfigurationList = 13B07F931A680F5B00A75B9A /* Build configuration list for PBXNativeTarget "StilInBerlin" */;
			buildPhases = (
				154ECC55E148CA4E21AD73BA /* [CP] Check Pods Manifest.lock */,
				13B07F871A680F5B00A75B9A /* Sources */,
				13B07F8C1A680F5B00A75B9A /* Frameworks */,
				13B07F8E1A680F5B00A75B9A /* Resources */,
				00DD1BFF1BD5951E006B06BC /* Bundle React Native code and images */,
				D17D008B6E400A575C10D4A4 /* [CP] Embed Pods Frameworks */,
				95647525B157067EC898E3C1 /* [CP] Copy Pods Resources */,
				19FE90491F817CE500E94B72 /* ShellScript */,
			);
			buildRules = (
			);
			dependencies = (
			);
			name = StilInBerlin;
			productName = "Hello World";
			productReference = 13B07F961A680F5B00A75B9A /* StilInBerlin.app */;
			productType = "com.apple.product-type.application";
		};
/* End PBXNativeTarget section */

/* Begin PBXProject section */
		83CBB9F71A601CBA00E9B192 /* Project object */ = {
			isa = PBXProject;
			attributes = {
				LastUpgradeCheck = 610;
				ORGANIZATIONNAME = Facebook;
				TargetAttributes = {
					00E356ED1AD99517003FC87E = {
						CreatedOnToolsVersion = 6.2;
						DevelopmentTeam = KGJCC745S9;
						TestTargetID = 13B07F861A680F5B00A75B9A;
					};
					13B07F861A680F5B00A75B9A = {
						DevelopmentTeam = KGJCC745S9;
						ProvisioningStyle = Manual;
						SystemCapabilities = {
							com.apple.Push = {
								enabled = 1;
							};
						};
					};
				};
			};
			buildConfigurationList = 83CBB9FA1A601CBA00E9B192 /* Build configuration list for PBXProject "StilInBerlin" */;
			compatibilityVersion = "Xcode 3.2";
			developmentRegion = English;
			hasScannedForEncodings = 0;
			knownRegions = (
				en,
				Base,
			);
			mainGroup = 83CBB9F61A601CBA00E9B192;
			productRefGroup = 83CBBA001A601CBA00E9B192 /* Products */;
			projectDirPath = "";
			projectReferences = (
				{
					ProductGroup = 00C302A81ABCB8CE00DB3ED1 /* Products */;
					ProjectRef = 00C302A71ABCB8CE00DB3ED1 /* RCTActionSheet.xcodeproj */;
				},
				{
					ProductGroup = 5E91572E1DD0AC6500FF2AA8 /* Products */;
					ProjectRef = 5E91572D1DD0AC6500FF2AA8 /* RCTAnimation.xcodeproj */;
				},
				{
					ProductGroup = 00C302B61ABCB90400DB3ED1 /* Products */;
					ProjectRef = 00C302B51ABCB90400DB3ED1 /* RCTGeolocation.xcodeproj */;
				},
				{
					ProductGroup = 00C302BC1ABCB91800DB3ED1 /* Products */;
					ProjectRef = 00C302BB1ABCB91800DB3ED1 /* RCTImage.xcodeproj */;
				},
				{
					ProductGroup = 78C398B11ACF4ADC00677621 /* Products */;
					ProjectRef = 78C398B01ACF4ADC00677621 /* RCTLinking.xcodeproj */;
				},
				{
					ProductGroup = 1908133C1FF663C000D7AECF /* Products */;
					ProjectRef = 8833F8390E5D428A8D0219E2 /* RCTMGL.xcodeproj */;
				},
				{
					ProductGroup = 00C302D41ABCB9D200DB3ED1 /* Products */;
					ProjectRef = 00C302D31ABCB9D200DB3ED1 /* RCTNetwork.xcodeproj */;
				},
				{
					ProductGroup = 139105B71AF99BAD00B5F7CC /* Products */;
					ProjectRef = 139105B61AF99BAD00B5F7CC /* RCTSettings.xcodeproj */;
				},
				{
					ProductGroup = 832341B11AAA6A8300B99B32 /* Products */;
					ProjectRef = 832341B01AAA6A8300B99B32 /* RCTText.xcodeproj */;
				},
				{
					ProductGroup = 00C302E01ABCB9EE00DB3ED1 /* Products */;
					ProjectRef = 00C302DF1ABCB9EE00DB3ED1 /* RCTVibration.xcodeproj */;
				},
				{
					ProductGroup = 139FDEE71B06529A00C62182 /* Products */;
					ProjectRef = 139FDEE61B06529A00C62182 /* RCTWebSocket.xcodeproj */;
				},
				{
					ProductGroup = 146834001AC3E56700842450 /* Products */;
					ProjectRef = 146833FF1AC3E56700842450 /* React.xcodeproj */;
				},
				{
					ProductGroup = 199A29851F5AEC540057F824 /* Products */;
					ProjectRef = EA99DB9FAE5148F4B029B2DA /* RNFIRAnalytics.xcodeproj */;
				},
				{
					ProductGroup = 19760BD91FBBA0A900D2E88B /* Products */;
					ProjectRef = 685E2DA0CE2B4494A95BCDEF /* RNI18n.xcodeproj */;
				},
				{
					ProductGroup = 194556381F95E89C00DDC4A2 /* Products */;
					ProjectRef = 74C24ADA59B64CE5A14C81D5 /* RNShare.xcodeproj */;
				},
				{
					ProductGroup = 191D8A212013D44200A81442 /* Products */;
					ProjectRef = 0FE609ACA8F245F3B15A7A3F /* RNStoreReview.xcodeproj */;
				},
				{
					ProductGroup = 19C0C4BA1F51BC2700A52C43 /* Products */;
					ProjectRef = C9BA6EF2A3654ED798789849 /* RNVectorIcons.xcodeproj */;
				},
			);
			projectRoot = "";
			targets = (
				13B07F861A680F5B00A75B9A /* StilInBerlin */,
				00E356ED1AD99517003FC87E /* StilInBerlinTests */,
			);
		};
/* End PBXProject section */

/* Begin PBXReferenceProxy section */
		00C302AC1ABCB8CE00DB3ED1 /* libRCTActionSheet.a */ = {
			isa = PBXReferenceProxy;
			fileType = archive.ar;
			path = libRCTActionSheet.a;
			remoteRef = 00C302AB1ABCB8CE00DB3ED1 /* PBXContainerItemProxy */;
			sourceTree = BUILT_PRODUCTS_DIR;
		};
		00C302BA1ABCB90400DB3ED1 /* libRCTGeolocation.a */ = {
			isa = PBXReferenceProxy;
			fileType = archive.ar;
			path = libRCTGeolocation.a;
			remoteRef = 00C302B91ABCB90400DB3ED1 /* PBXContainerItemProxy */;
			sourceTree = BUILT_PRODUCTS_DIR;
		};
		00C302C01ABCB91800DB3ED1 /* libRCTImage.a */ = {
			isa = PBXReferenceProxy;
			fileType = archive.ar;
			path = libRCTImage.a;
			remoteRef = 00C302BF1ABCB91800DB3ED1 /* PBXContainerItemProxy */;
			sourceTree = BUILT_PRODUCTS_DIR;
		};
		00C302DC1ABCB9D200DB3ED1 /* libRCTNetwork.a */ = {
			isa = PBXReferenceProxy;
			fileType = archive.ar;
			path = libRCTNetwork.a;
			remoteRef = 00C302DB1ABCB9D200DB3ED1 /* PBXContainerItemProxy */;
			sourceTree = BUILT_PRODUCTS_DIR;
		};
		00C302E41ABCB9EE00DB3ED1 /* libRCTVibration.a */ = {
			isa = PBXReferenceProxy;
			fileType = archive.ar;
			path = libRCTVibration.a;
			remoteRef = 00C302E31ABCB9EE00DB3ED1 /* PBXContainerItemProxy */;
			sourceTree = BUILT_PRODUCTS_DIR;
		};
		139105C11AF99BAD00B5F7CC /* libRCTSettings.a */ = {
			isa = PBXReferenceProxy;
			fileType = archive.ar;
			path = libRCTSettings.a;
			remoteRef = 139105C01AF99BAD00B5F7CC /* PBXContainerItemProxy */;
			sourceTree = BUILT_PRODUCTS_DIR;
		};
		139FDEF41B06529B00C62182 /* libRCTWebSocket.a */ = {
			isa = PBXReferenceProxy;
			fileType = archive.ar;
			path = libRCTWebSocket.a;
			remoteRef = 139FDEF31B06529B00C62182 /* PBXContainerItemProxy */;
			sourceTree = BUILT_PRODUCTS_DIR;
		};
		146834041AC3E56700842450 /* libReact.a */ = {
			isa = PBXReferenceProxy;
			fileType = archive.ar;
			path = libReact.a;
			remoteRef = 146834031AC3E56700842450 /* PBXContainerItemProxy */;
			sourceTree = BUILT_PRODUCTS_DIR;
		};
		190813211FF663C000D7AECF /* libfishhook.a */ = {
			isa = PBXReferenceProxy;
			fileType = archive.ar;
			path = libfishhook.a;
			remoteRef = 190813201FF663C000D7AECF /* PBXContainerItemProxy */;
			sourceTree = BUILT_PRODUCTS_DIR;
		};
		190813231FF663C000D7AECF /* libfishhook-tvOS.a */ = {
			isa = PBXReferenceProxy;
			fileType = archive.ar;
			path = "libfishhook-tvOS.a";
			remoteRef = 190813221FF663C000D7AECF /* PBXContainerItemProxy */;
			sourceTree = BUILT_PRODUCTS_DIR;
		};
		190813331FF663C000D7AECF /* libprivatedata.a */ = {
			isa = PBXReferenceProxy;
			fileType = archive.ar;
			path = libprivatedata.a;
			remoteRef = 190813321FF663C000D7AECF /* PBXContainerItemProxy */;
			sourceTree = BUILT_PRODUCTS_DIR;
		};
		190813351FF663C000D7AECF /* libprivatedata-tvOS.a */ = {
			isa = PBXReferenceProxy;
			fileType = archive.ar;
			path = "libprivatedata-tvOS.a";
			remoteRef = 190813341FF663C000D7AECF /* PBXContainerItemProxy */;
			sourceTree = BUILT_PRODUCTS_DIR;
		};
		190813401FF663C000D7AECF /* libRCTMGL.a */ = {
			isa = PBXReferenceProxy;
			fileType = archive.ar;
			path = libRCTMGL.a;
			remoteRef = 1908133F1FF663C000D7AECF /* PBXContainerItemProxy */;
			sourceTree = BUILT_PRODUCTS_DIR;
		};
		191D8A252013D44200A81442 /* libRNStoreReview.a */ = {
			isa = PBXReferenceProxy;
			fileType = archive.ar;
			path = libRNStoreReview.a;
			remoteRef = 191D8A242013D44200A81442 /* PBXContainerItemProxy */;
			sourceTree = BUILT_PRODUCTS_DIR;
		};
		1945563C1F95E89C00DDC4A2 /* libRNShare.a */ = {
			isa = PBXReferenceProxy;
			fileType = archive.ar;
			path = libRNShare.a;
			remoteRef = 1945563B1F95E89C00DDC4A2 /* PBXContainerItemProxy */;
			sourceTree = BUILT_PRODUCTS_DIR;
		};
		19542D4321C9916800AC034E /* libjsinspector.a */ = {
			isa = PBXReferenceProxy;
			fileType = archive.ar;
			path = libjsinspector.a;
			remoteRef = 19542D4221C9916800AC034E /* PBXContainerItemProxy */;
			sourceTree = BUILT_PRODUCTS_DIR;
		};
		19542D4521C9916800AC034E /* libjsinspector-tvOS.a */ = {
			isa = PBXReferenceProxy;
			fileType = archive.ar;
			path = "libjsinspector-tvOS.a";
			remoteRef = 19542D4421C9916800AC034E /* PBXContainerItemProxy */;
			sourceTree = BUILT_PRODUCTS_DIR;
		};
		19542D4E21C9916800AC034E /* libRNVectorIcons-tvOS.a */ = {
			isa = PBXReferenceProxy;
			fileType = archive.ar;
			path = "libRNVectorIcons-tvOS.a";
			remoteRef = 19542D4D21C9916800AC034E /* PBXContainerItemProxy */;
			sourceTree = BUILT_PRODUCTS_DIR;
		};
		19760BCE1FBBA0A800D2E88B /* libthird-party.a */ = {
			isa = PBXReferenceProxy;
			fileType = archive.ar;
			path = "libthird-party.a";
			remoteRef = 19760BCD1FBBA0A800D2E88B /* PBXContainerItemProxy */;
			sourceTree = BUILT_PRODUCTS_DIR;
		};
		19760BD01FBBA0A800D2E88B /* libthird-party.a */ = {
			isa = PBXReferenceProxy;
			fileType = archive.ar;
			path = "libthird-party.a";
			remoteRef = 19760BCF1FBBA0A800D2E88B /* PBXContainerItemProxy */;
			sourceTree = BUILT_PRODUCTS_DIR;
		};
		19760BD21FBBA0A800D2E88B /* libdouble-conversion.a */ = {
			isa = PBXReferenceProxy;
			fileType = archive.ar;
			path = "libdouble-conversion.a";
			remoteRef = 19760BD11FBBA0A800D2E88B /* PBXContainerItemProxy */;
			sourceTree = BUILT_PRODUCTS_DIR;
		};
		19760BD41FBBA0A800D2E88B /* libdouble-conversion.a */ = {
			isa = PBXReferenceProxy;
			fileType = archive.ar;
			path = "libdouble-conversion.a";
			remoteRef = 19760BD31FBBA0A800D2E88B /* PBXContainerItemProxy */;
			sourceTree = BUILT_PRODUCTS_DIR;
		};
		19760BDE1FBBA0A900D2E88B /* libRNI18n.a */ = {
			isa = PBXReferenceProxy;
			fileType = archive.ar;
			path = libRNI18n.a;
			remoteRef = 19760BDD1FBBA0A900D2E88B /* PBXContainerItemProxy */;
			sourceTree = BUILT_PRODUCTS_DIR;
		};
		19760BE01FBBA0A900D2E88B /* libRNI18n-tvOS.a */ = {
			isa = PBXReferenceProxy;
			fileType = archive.ar;
			path = "libRNI18n-tvOS.a";
			remoteRef = 19760BDF1FBBA0A900D2E88B /* PBXContainerItemProxy */;
			sourceTree = BUILT_PRODUCTS_DIR;
		};
		199A29A71F5AEC540057F824 /* libRNFIRAnalytics.a */ = {
			isa = PBXReferenceProxy;
			fileType = archive.ar;
			path = libRNFIRAnalytics.a;
			remoteRef = 199A29A61F5AEC540057F824 /* PBXContainerItemProxy */;
			sourceTree = BUILT_PRODUCTS_DIR;
		};
		19C0C4EC1F51BC2700A52C43 /* libRNVectorIcons.a */ = {
			isa = PBXReferenceProxy;
			fileType = archive.ar;
			path = libRNVectorIcons.a;
			remoteRef = 19C0C4EB1F51BC2700A52C43 /* PBXContainerItemProxy */;
			sourceTree = BUILT_PRODUCTS_DIR;
		};
		3DAD3E841DF850E9000B6D8A /* libRCTImage-tvOS.a */ = {
			isa = PBXReferenceProxy;
			fileType = archive.ar;
			path = "libRCTImage-tvOS.a";
			remoteRef = 3DAD3E831DF850E9000B6D8A /* PBXContainerItemProxy */;
			sourceTree = BUILT_PRODUCTS_DIR;
		};
		3DAD3E881DF850E9000B6D8A /* libRCTLinking-tvOS.a */ = {
			isa = PBXReferenceProxy;
			fileType = archive.ar;
			path = "libRCTLinking-tvOS.a";
			remoteRef = 3DAD3E871DF850E9000B6D8A /* PBXContainerItemProxy */;
			sourceTree = BUILT_PRODUCTS_DIR;
		};
		3DAD3E8C1DF850E9000B6D8A /* libRCTNetwork-tvOS.a */ = {
			isa = PBXReferenceProxy;
			fileType = archive.ar;
			path = "libRCTNetwork-tvOS.a";
			remoteRef = 3DAD3E8B1DF850E9000B6D8A /* PBXContainerItemProxy */;
			sourceTree = BUILT_PRODUCTS_DIR;
		};
		3DAD3E901DF850E9000B6D8A /* libRCTSettings-tvOS.a */ = {
			isa = PBXReferenceProxy;
			fileType = archive.ar;
			path = "libRCTSettings-tvOS.a";
			remoteRef = 3DAD3E8F1DF850E9000B6D8A /* PBXContainerItemProxy */;
			sourceTree = BUILT_PRODUCTS_DIR;
		};
		3DAD3E941DF850E9000B6D8A /* libRCTText-tvOS.a */ = {
			isa = PBXReferenceProxy;
			fileType = archive.ar;
			path = "libRCTText-tvOS.a";
			remoteRef = 3DAD3E931DF850E9000B6D8A /* PBXContainerItemProxy */;
			sourceTree = BUILT_PRODUCTS_DIR;
		};
		3DAD3E991DF850E9000B6D8A /* libRCTWebSocket-tvOS.a */ = {
			isa = PBXReferenceProxy;
			fileType = archive.ar;
			path = "libRCTWebSocket-tvOS.a";
			remoteRef = 3DAD3E981DF850E9000B6D8A /* PBXContainerItemProxy */;
			sourceTree = BUILT_PRODUCTS_DIR;
		};
		3DAD3EA31DF850E9000B6D8A /* libReact.a */ = {
			isa = PBXReferenceProxy;
			fileType = archive.ar;
			path = libReact.a;
			remoteRef = 3DAD3EA21DF850E9000B6D8A /* PBXContainerItemProxy */;
			sourceTree = BUILT_PRODUCTS_DIR;
		};
		3DAD3EA51DF850E9000B6D8A /* libyoga.a */ = {
			isa = PBXReferenceProxy;
			fileType = archive.ar;
			path = libyoga.a;
			remoteRef = 3DAD3EA41DF850E9000B6D8A /* PBXContainerItemProxy */;
			sourceTree = BUILT_PRODUCTS_DIR;
		};
		3DAD3EA71DF850E9000B6D8A /* libyoga.a */ = {
			isa = PBXReferenceProxy;
			fileType = archive.ar;
			path = libyoga.a;
			remoteRef = 3DAD3EA61DF850E9000B6D8A /* PBXContainerItemProxy */;
			sourceTree = BUILT_PRODUCTS_DIR;
		};
		3DAD3EA91DF850E9000B6D8A /* libcxxreact.a */ = {
			isa = PBXReferenceProxy;
			fileType = archive.ar;
			path = libcxxreact.a;
			remoteRef = 3DAD3EA81DF850E9000B6D8A /* PBXContainerItemProxy */;
			sourceTree = BUILT_PRODUCTS_DIR;
		};
		3DAD3EAB1DF850E9000B6D8A /* libcxxreact.a */ = {
			isa = PBXReferenceProxy;
			fileType = archive.ar;
			path = libcxxreact.a;
			remoteRef = 3DAD3EAA1DF850E9000B6D8A /* PBXContainerItemProxy */;
			sourceTree = BUILT_PRODUCTS_DIR;
		};
		3DAD3EAD1DF850E9000B6D8A /* libjschelpers.a */ = {
			isa = PBXReferenceProxy;
			fileType = archive.ar;
			path = libjschelpers.a;
			remoteRef = 3DAD3EAC1DF850E9000B6D8A /* PBXContainerItemProxy */;
			sourceTree = BUILT_PRODUCTS_DIR;
		};
		3DAD3EAF1DF850E9000B6D8A /* libjschelpers.a */ = {
			isa = PBXReferenceProxy;
			fileType = archive.ar;
			path = libjschelpers.a;
			remoteRef = 3DAD3EAE1DF850E9000B6D8A /* PBXContainerItemProxy */;
			sourceTree = BUILT_PRODUCTS_DIR;
		};
		5E9157331DD0AC6500FF2AA8 /* libRCTAnimation.a */ = {
			isa = PBXReferenceProxy;
			fileType = archive.ar;
			path = libRCTAnimation.a;
			remoteRef = 5E9157321DD0AC6500FF2AA8 /* PBXContainerItemProxy */;
			sourceTree = BUILT_PRODUCTS_DIR;
		};
		5E9157351DD0AC6500FF2AA8 /* libRCTAnimation.a */ = {
			isa = PBXReferenceProxy;
			fileType = archive.ar;
			path = libRCTAnimation.a;
			remoteRef = 5E9157341DD0AC6500FF2AA8 /* PBXContainerItemProxy */;
			sourceTree = BUILT_PRODUCTS_DIR;
		};
		78C398B91ACF4ADC00677621 /* libRCTLinking.a */ = {
			isa = PBXReferenceProxy;
			fileType = archive.ar;
			path = libRCTLinking.a;
			remoteRef = 78C398B81ACF4ADC00677621 /* PBXContainerItemProxy */;
			sourceTree = BUILT_PRODUCTS_DIR;
		};
		832341B51AAA6A8300B99B32 /* libRCTText.a */ = {
			isa = PBXReferenceProxy;
			fileType = archive.ar;
			path = libRCTText.a;
			remoteRef = 832341B41AAA6A8300B99B32 /* PBXContainerItemProxy */;
			sourceTree = BUILT_PRODUCTS_DIR;
		};
/* End PBXReferenceProxy section */

/* Begin PBXResourcesBuildPhase section */
		00E356EC1AD99517003FC87E /* Resources */ = {
			isa = PBXResourcesBuildPhase;
			buildActionMask = 2147483647;
			files = (
			);
			runOnlyForDeploymentPostprocessing = 0;
		};
		13B07F8E1A680F5B00A75B9A /* Resources */ = {
			isa = PBXResourcesBuildPhase;
			buildActionMask = 2147483647;
			files = (
				13B07FBF1A68108700A75B9A /* Images.xcassets in Resources */,
				13B07FBD1A68108700A75B9A /* LaunchScreen.xib in Resources */,
				579459FC246245088DBFC21E /* Entypo.ttf in Resources */,
				A0C29CB7711845A5ADC1CBEE /* EvilIcons.ttf in Resources */,
				19878B811F9A92F400093C8C /* arrow.png in Resources */,
				3975C33093AB4B69817EF2A2 /* FontAwesome.ttf in Resources */,
				F8047B0FD95B484CB0C2CA26 /* Foundation.ttf in Resources */,
				9EB36CC2AA2A4E60BEBFC734 /* Ionicons.ttf in Resources */,
				FBCDAB073EDB4F8992D864F4 /* MaterialCommunityIcons.ttf in Resources */,
				E2622DBB894C4905A4446F69 /* MaterialIcons.ttf in Resources */,
				19C0C5A51F52CDD200A52C43 /* GoogleService-Info.plist in Resources */,
				E6855B80CFEB4226B51F5C6D /* Octicons.ttf in Resources */,
				2A99271075EB4CF898D9F80B /* SimpleLineIcons.ttf in Resources */,
				55B94EEC3DBA47DCBA8478FD /* Zocial.ttf in Resources */,
				F1F3D177B60445FBAE7B18F0 /* SpaceMono-Regular.ttf in Resources */,
				19878B7F1F9A92F400093C8C /* arrow_selected.png in Resources */,
				65B2B23B313B4447B8BC6FE4 /* Feather.ttf in Resources */,
				02EBF7E2C23E450F8E93619E /* arrow-forward.png in Resources */,
				7C645987133E4DFAA8ABF7EE /* calendardays@2x.png in Resources */,
				7CF2FEA2D43D49C2B2D292B1 /* calendardays@3x.png in Resources */,
				46B3765A668243479B2F1A89 /* icon_background.png in Resources */,
				AA6EE9F0796B4125B04DA477 /* map-annotation.png in Resources */,
				5388DFD95B214F0C8255EDB9 /* map-annotation@2x.png in Resources */,
				FA669BF781CA4F779D88A568 /* map-annotation@3x.png in Resources */,
				F89CD5A09B83403A9509FD38 /* so-icon.png in Resources */,
				5449576C209B4A5289A43664 /* contentful-logo.png in Resources */,
				DADA92E380FF411DA14D63E1 /* mapbox-logo.png in Resources */,
				CA3820CCD5284959A69F0EEC /* painted_me.png in Resources */,
				726B029821E844AEA97C983D /* painted_me@3x.png in Resources */,
				F19616C225D142B79912C252 /* painted_me@2x.png in Resources */,
				EC6BFBDD336C420D95EAC41A /* AGaramondPro-Bold.otf in Resources */,
				BF9DF72DD6044AD189999D74 /* AGaramondPro-BoldItalic.otf in Resources */,
				90EDF7EB2FD644348A6E36F0 /* AGaramondPro-Italic.otf in Resources */,
				840B4A27BCDF4200BF376552 /* AGaramondPro-Regular.otf in Resources */,
				143F267D97DC4F02B8ACA4DB /* AntDesign.ttf in Resources */,
				CCB2D6EC3E7F404981E9A19C /* FontAwesome5_Brands.ttf in Resources */,
				95E72C9A07B7456CAAB8BD86 /* FontAwesome5_Regular.ttf in Resources */,
				CDD4E6A5E60D4EE397E15789 /* FontAwesome5_Solid.ttf in Resources */,
			);
			runOnlyForDeploymentPostprocessing = 0;
		};
/* End PBXResourcesBuildPhase section */

/* Begin PBXShellScriptBuildPhase section */
		00DD1BFF1BD5951E006B06BC /* Bundle React Native code and images */ = {
			isa = PBXShellScriptBuildPhase;
			buildActionMask = 2147483647;
			files = (
			);
			inputPaths = (
			);
			name = "Bundle React Native code and images";
			outputPaths = (
			);
			runOnlyForDeploymentPostprocessing = 0;
			shellPath = /bin/sh;
			shellScript = "export NODE_BINARY=node\n../node_modules/react-native/scripts/react-native-xcode.sh";
		};
		154ECC55E148CA4E21AD73BA /* [CP] Check Pods Manifest.lock */ = {
			isa = PBXShellScriptBuildPhase;
			buildActionMask = 2147483647;
			files = (
			);
			inputPaths = (
				"${PODS_PODFILE_DIR_PATH}/Podfile.lock",
				"${PODS_ROOT}/Manifest.lock",
			);
			name = "[CP] Check Pods Manifest.lock";
			outputPaths = (
				"$(DERIVED_FILE_DIR)/Pods-StilInBerlin-checkManifestLockResult.txt",
			);
			runOnlyForDeploymentPostprocessing = 0;
			shellPath = /bin/sh;
			shellScript = "diff \"${PODS_PODFILE_DIR_PATH}/Podfile.lock\" \"${PODS_ROOT}/Manifest.lock\" > /dev/null\nif [ $? != 0 ] ; then\n    # print error to STDERR\n    echo \"error: The sandbox is not in sync with the Podfile.lock. Run 'pod install' or update your CocoaPods installation.\" >&2\n    exit 1\nfi\n# This output is used by Xcode 'outputs' to avoid re-running this script phase.\necho \"SUCCESS\" > \"${SCRIPT_OUTPUT_FILE_0}\"\n";
			showEnvVarsInLog = 0;
		};
		19FE90491F817CE500E94B72 /* ShellScript */ = {
			isa = PBXShellScriptBuildPhase;
			buildActionMask = 2147483647;
			files = (
			);
			inputPaths = (
			);
			outputPaths = (
			);
			runOnlyForDeploymentPostprocessing = 0;
			shellPath = /bin/sh;
			shellScript = "REVEAL_APP_PATH=$(mdfind kMDItemCFBundleIdentifier=\"com.ittybittyapps.Reveal2\" | head -n 1)\nBUILD_SCRIPT_PATH=\"${REVEAL_APP_PATH}/Contents/SharedSupport/Scripts/reveal_server_build_phase.sh\"\nif [ \"${REVEAL_APP_PATH}\" -a -e \"${BUILD_SCRIPT_PATH}\" ]; then\n\"${BUILD_SCRIPT_PATH}\"\nelse\necho \"Reveal Server not loaded: Cannot find a compatible Reveal app.\"\nfi";
		};
		3AD56DE4F3E0EE927A36F92D /* [CP] Check Pods Manifest.lock */ = {
			isa = PBXShellScriptBuildPhase;
			buildActionMask = 2147483647;
			files = (
			);
			inputPaths = (
				"${PODS_PODFILE_DIR_PATH}/Podfile.lock",
				"${PODS_ROOT}/Manifest.lock",
			);
			name = "[CP] Check Pods Manifest.lock";
			outputPaths = (
				"$(DERIVED_FILE_DIR)/Pods-StilInBerlinTests-checkManifestLockResult.txt",
			);
			runOnlyForDeploymentPostprocessing = 0;
			shellPath = /bin/sh;
			shellScript = "diff \"${PODS_PODFILE_DIR_PATH}/Podfile.lock\" \"${PODS_ROOT}/Manifest.lock\" > /dev/null\nif [ $? != 0 ] ; then\n    # print error to STDERR\n    echo \"error: The sandbox is not in sync with the Podfile.lock. Run 'pod install' or update your CocoaPods installation.\" >&2\n    exit 1\nfi\n# This output is used by Xcode 'outputs' to avoid re-running this script phase.\necho \"SUCCESS\" > \"${SCRIPT_OUTPUT_FILE_0}\"\n";
			showEnvVarsInLog = 0;
		};
		6962B9639A8D18C4EFD87FB4 /* [CP] Embed Pods Frameworks */ = {
			isa = PBXShellScriptBuildPhase;
			buildActionMask = 2147483647;
			files = (
			);
			inputPaths = (
			);
			name = "[CP] Embed Pods Frameworks";
			outputPaths = (
			);
			runOnlyForDeploymentPostprocessing = 0;
			shellPath = /bin/sh;
			shellScript = "\"${SRCROOT}/Pods/Target Support Files/Pods-StilInBerlinTests/Pods-StilInBerlinTests-frameworks.sh\"\n";
			showEnvVarsInLog = 0;
		};
		6B624104C4FB4C822474DDE3 /* [CP] Copy Pods Resources */ = {
			isa = PBXShellScriptBuildPhase;
			buildActionMask = 2147483647;
			files = (
			);
			inputPaths = (
			);
			name = "[CP] Copy Pods Resources";
			outputPaths = (
			);
			runOnlyForDeploymentPostprocessing = 0;
			shellPath = /bin/sh;
			shellScript = "\"${SRCROOT}/Pods/Target Support Files/Pods-StilInBerlinTests/Pods-StilInBerlinTests-resources.sh\"\n";
			showEnvVarsInLog = 0;
		};
		95647525B157067EC898E3C1 /* [CP] Copy Pods Resources */ = {
			isa = PBXShellScriptBuildPhase;
			buildActionMask = 8;
			files = (
			);
			inputPaths = (
				"${SRCROOT}/Pods/Target Support Files/Pods-StilInBerlin/Pods-StilInBerlin-resources.sh",
				"${PODS_ROOT}/../../node_modules/react-native-vector-icons/Fonts/AntDesign.ttf",
				"${PODS_ROOT}/../../node_modules/react-native-vector-icons/Fonts/Entypo.ttf",
				"${PODS_ROOT}/../../node_modules/react-native-vector-icons/Fonts/EvilIcons.ttf",
				"${PODS_ROOT}/../../node_modules/react-native-vector-icons/Fonts/Feather.ttf",
				"${PODS_ROOT}/../../node_modules/react-native-vector-icons/Fonts/FontAwesome.ttf",
				"${PODS_ROOT}/../../node_modules/react-native-vector-icons/Fonts/FontAwesome5_Brands.ttf",
				"${PODS_ROOT}/../../node_modules/react-native-vector-icons/Fonts/FontAwesome5_Regular.ttf",
				"${PODS_ROOT}/../../node_modules/react-native-vector-icons/Fonts/FontAwesome5_Solid.ttf",
				"${PODS_ROOT}/../../node_modules/react-native-vector-icons/Fonts/Foundation.ttf",
				"${PODS_ROOT}/../../node_modules/react-native-vector-icons/Fonts/Ionicons.ttf",
				"${PODS_ROOT}/../../node_modules/react-native-vector-icons/Fonts/MaterialCommunityIcons.ttf",
				"${PODS_ROOT}/../../node_modules/react-native-vector-icons/Fonts/MaterialIcons.ttf",
				"${PODS_ROOT}/../../node_modules/react-native-vector-icons/Fonts/Octicons.ttf",
				"${PODS_ROOT}/../../node_modules/react-native-vector-icons/Fonts/SimpleLineIcons.ttf",
				"${PODS_ROOT}/../../node_modules/react-native-vector-icons/Fonts/Zocial.ttf",
			);
			name = "[CP] Copy Pods Resources";
			outputPaths = (
				"${TARGET_BUILD_DIR}/${UNLOCALIZED_RESOURCES_FOLDER_PATH}",
			);
			runOnlyForDeploymentPostprocessing = 1;
			shellPath = /bin/sh;
			shellScript = "\"${SRCROOT}/Pods/Target Support Files/Pods-StilInBerlin/Pods-StilInBerlin-resources.sh\"\n";
			showEnvVarsInLog = 0;
		};
		D17D008B6E400A575C10D4A4 /* [CP] Embed Pods Frameworks */ = {
			isa = PBXShellScriptBuildPhase;
			buildActionMask = 2147483647;
			files = (
			);
			inputPaths = (
				"${SRCROOT}/Pods/Target Support Files/Pods-StilInBerlin/Pods-StilInBerlin-frameworks.sh",
				"${PODS_ROOT}/../../node_modules/@mapbox/react-native-mapbox-gl/ios/Mapbox.framework",
			);
			name = "[CP] Embed Pods Frameworks";
			outputPaths = (
				"${TARGET_BUILD_DIR}/${FRAMEWORKS_FOLDER_PATH}/Mapbox.framework",
			);
			runOnlyForDeploymentPostprocessing = 0;
			shellPath = /bin/sh;
			shellScript = "\"${SRCROOT}/Pods/Target Support Files/Pods-StilInBerlin/Pods-StilInBerlin-frameworks.sh\"\n";
			showEnvVarsInLog = 0;
		};
/* End PBXShellScriptBuildPhase section */

/* Begin PBXSourcesBuildPhase section */
		00E356EA1AD99517003FC87E /* Sources */ = {
			isa = PBXSourcesBuildPhase;
			buildActionMask = 2147483647;
			files = (
				00E356F31AD99517003FC87E /* StilInBerlinTests.m in Sources */,
			);
			runOnlyForDeploymentPostprocessing = 0;
		};
		13B07F871A680F5B00A75B9A /* Sources */ = {
			isa = PBXSourcesBuildPhase;
			buildActionMask = 2147483647;
			files = (
				13B07FBC1A68108700A75B9A /* AppDelegate.m in Sources */,
				13B07FC11A68108700A75B9A /* main.m in Sources */,
			);
			runOnlyForDeploymentPostprocessing = 0;
		};
/* End PBXSourcesBuildPhase section */

/* Begin PBXTargetDependency section */
		00E356F51AD99517003FC87E /* PBXTargetDependency */ = {
			isa = PBXTargetDependency;
			target = 13B07F861A680F5B00A75B9A /* StilInBerlin */;
			targetProxy = 00E356F41AD99517003FC87E /* PBXContainerItemProxy */;
		};
/* End PBXTargetDependency section */

/* Begin PBXVariantGroup section */
		13B07FB11A68108700A75B9A /* LaunchScreen.xib */ = {
			isa = PBXVariantGroup;
			children = (
				13B07FB21A68108700A75B9A /* Base */,
			);
			name = LaunchScreen.xib;
			path = StilInBerlin;
			sourceTree = "<group>";
		};
/* End PBXVariantGroup section */

/* Begin XCBuildConfiguration section */
		00E356F61AD99517003FC87E /* Debug */ = {
			isa = XCBuildConfiguration;
			baseConfigurationReference = 5B7CEB9457055DA465FD9E39 /* Pods-StilInBerlinTests.debug.xcconfig */;
			buildSettings = {
				BUNDLE_LOADER = "$(TEST_HOST)";
				DEVELOPMENT_TEAM = KGJCC745S9;
				GCC_PREPROCESSOR_DEFINITIONS = (
					"DEBUG=1",
					"$(inherited)",
				);
				HEADER_SEARCH_PATHS = (
					"$(inherited)",
					"$(SRCROOT)/../node_modules/react-native-fcm/ios",
					"$(SRCROOT)/../node_modules/react-native-firebase/ios/RNFirebase/**",
					"$(SRCROOT)/../node_modules/react-native-maps/lib/ios/**",
					"$(SRCROOT)/../node_modules/react-native-vector-icons/RNVectorIconsManager",
					"$(SRCROOT)/../node_modules/react-native-firebase-analytics/ios",
					"$(SRCROOT)/../node_modules/react-native-admob/ios",
					"$(SRCROOT)/../node_modules/react-native-share/ios",
					"$(SRCROOT)/../node_modules/react-native-mapbox-gl/ios/**",
					"$(SRCROOT)/../node_modules/react-native-i18n/ios",
					"$(SRCROOT)/../node_modules/@mapbox/react-native-mapbox-gl/ios/**",
					"$(SRCROOT)/../node_modules/react-native-store-review/ios",
				);
				INFOPLIST_FILE = StilInBerlinTests/Info.plist;
				IPHONEOS_DEPLOYMENT_TARGET = 8.0;
				LD_RUNPATH_SEARCH_PATHS = "$(inherited) @executable_path/Frameworks @loader_path/Frameworks";
				LIBRARY_SEARCH_PATHS = (
					"$(inherited)",
					"\"$(SRCROOT)/$(TARGET_NAME)\"",
					"\"$(SRCROOT)/$(TARGET_NAME)\"",
					"\"$(SRCROOT)/$(TARGET_NAME)\"",
					"\"$(SRCROOT)/$(TARGET_NAME)\"",
					"\"$(SRCROOT)/$(TARGET_NAME)\"",
					"\"$(SRCROOT)/$(TARGET_NAME)\"",
					"\"$(SRCROOT)/$(TARGET_NAME)\"",
					"\"$(SRCROOT)/$(TARGET_NAME)\"",
					"\"$(SRCROOT)/$(TARGET_NAME)\"",
					"\"$(SRCROOT)/$(TARGET_NAME)\"",
					"\"$(SRCROOT)/$(TARGET_NAME)\"",
				);
				OTHER_LDFLAGS = (
					"-ObjC",
					"-lc++",
				);
				PRODUCT_NAME = "$(TARGET_NAME)";
				TEST_HOST = "$(BUILT_PRODUCTS_DIR)/StilInBerlin.app/StilInBerlin";
			};
			name = Debug;
		};
		00E356F71AD99517003FC87E /* Release */ = {
			isa = XCBuildConfiguration;
			baseConfigurationReference = 5240EFD2E445D2531EE54536 /* Pods-StilInBerlinTests.release.xcconfig */;
			buildSettings = {
				BUNDLE_LOADER = "$(TEST_HOST)";
				COPY_PHASE_STRIP = NO;
				DEVELOPMENT_TEAM = KGJCC745S9;
				HEADER_SEARCH_PATHS = (
					"$(inherited)",
					"$(SRCROOT)/../node_modules/react-native-fcm/ios",
					"$(SRCROOT)/../node_modules/react-native-firebase/ios/RNFirebase/**",
					"$(SRCROOT)/../node_modules/react-native-maps/lib/ios/**",
					"$(SRCROOT)/../node_modules/react-native-vector-icons/RNVectorIconsManager",
					"$(SRCROOT)/../node_modules/react-native-firebase-analytics/ios",
					"$(SRCROOT)/../node_modules/react-native-admob/ios",
					"$(SRCROOT)/../node_modules/react-native-share/ios",
					"$(SRCROOT)/../node_modules/react-native-mapbox-gl/ios/**",
					"$(SRCROOT)/../node_modules/react-native-i18n/ios",
					"$(SRCROOT)/../node_modules/@mapbox/react-native-mapbox-gl/ios/**",
					"$(SRCROOT)/../node_modules/react-native-store-review/ios",
				);
				INFOPLIST_FILE = StilInBerlinTests/Info.plist;
				IPHONEOS_DEPLOYMENT_TARGET = 8.0;
				LD_RUNPATH_SEARCH_PATHS = "$(inherited) @executable_path/Frameworks @loader_path/Frameworks";
				LIBRARY_SEARCH_PATHS = (
					"$(inherited)",
					"\"$(SRCROOT)/$(TARGET_NAME)\"",
					"\"$(SRCROOT)/$(TARGET_NAME)\"",
					"\"$(SRCROOT)/$(TARGET_NAME)\"",
					"\"$(SRCROOT)/$(TARGET_NAME)\"",
					"\"$(SRCROOT)/$(TARGET_NAME)\"",
					"\"$(SRCROOT)/$(TARGET_NAME)\"",
					"\"$(SRCROOT)/$(TARGET_NAME)\"",
					"\"$(SRCROOT)/$(TARGET_NAME)\"",
					"\"$(SRCROOT)/$(TARGET_NAME)\"",
					"\"$(SRCROOT)/$(TARGET_NAME)\"",
					"\"$(SRCROOT)/$(TARGET_NAME)\"",
				);
				OTHER_LDFLAGS = (
					"-ObjC",
					"-lc++",
				);
				PRODUCT_NAME = "$(TARGET_NAME)";
				TEST_HOST = "$(BUILT_PRODUCTS_DIR)/StilInBerlin.app/StilInBerlin";
			};
			name = Release;
		};
		13B07F941A680F5B00A75B9A /* Debug */ = {
			isa = XCBuildConfiguration;
			baseConfigurationReference = EE3BA73FDAD6870AA41EA291 /* Pods-StilInBerlin.debug.xcconfig */;
			buildSettings = {
				ASSETCATALOG_COMPILER_APPICON_NAME = AppIcon;
				CODE_SIGN_ENTITLEMENTS = StilInBerlin/StilInBerlin.entitlements;
				CODE_SIGN_IDENTITY = "iPhone Developer";
				"CODE_SIGN_IDENTITY[sdk=iphoneos*]" = "iPhone Developer";
				CURRENT_PROJECT_VERSION = 62;
				DEAD_CODE_STRIPPING = NO;
				DEVELOPMENT_TEAM = KGJCC745S9;
				GCC_PREPROCESSOR_DEFINITIONS = (
					"$(inherited)",
					"COCOAPODS=1",
					"$(inherited)",
					"GPB_USE_PROTOBUF_FRAMEWORK_IMPORTS=1",
					"$(inherited)",
					"PB_FIELD_32BIT=1",
					"PB_NO_PACKED_STRUCTS=1",
					"RCT_DEV=1",
				);
				HEADER_SEARCH_PATHS = (
					"$(inherited)",
					"$(SRCROOT)/../node_modules/react-native-fcm/ios/**",
					"$(SRCROOT)/../node_modules/react-native-firebase/ios/RNFirebase/**",
					"$(SRCROOT)/../node_modules/react-native-maps/lib/ios/**",
					"$(SRCROOT)/../node_modules/react-native-vector-icons/RNVectorIconsManager",
					"$(SRCROOT)/../node_modules/react-native-firebase-analytics/ios",
					"$(SRCROOT)/../node_modules/react-native-admob/ios",
					"$(SRCROOT)/../node_modules/react-native-share/ios",
					"$(SRCROOT)/../node_modules/react-native-mapbox-gl/ios/**",
					"$(SRCROOT)/../node_modules/react-native-i18n/ios",
					"$(SRCROOT)/../node_modules/@mapbox/react-native-mapbox-gl/ios/**",
					"$(SRCROOT)/../node_modules/react-native-store-review/ios",
					"$(SRCROOT)/../node_modules/react-native/React",
				);
				INFOPLIST_FILE = StilInBerlin/Info.plist;
				IPHONEOS_DEPLOYMENT_TARGET = 11.0;
				LD_RUNPATH_SEARCH_PATHS = "$(inherited) @executable_path/Frameworks";
				OTHER_LDFLAGS = (
					"$(inherited)",
					"-ObjC",
					"-lc++",
				);
				PRODUCT_BUNDLE_IDENTIFIER = com.sashimiblade.StilInBerlin;
				PRODUCT_NAME = StilInBerlin;
				PROVISIONING_PROFILE_SPECIFIER = "StilInBerlin Development";
				TARGETED_DEVICE_FAMILY = 1;
				VERSIONING_SYSTEM = "apple-generic";
			};
			name = Debug;
		};
		13B07F951A680F5B00A75B9A /* Release */ = {
			isa = XCBuildConfiguration;
			baseConfigurationReference = 02E522043F6EDBF91F467E94 /* Pods-StilInBerlin.release.xcconfig */;
			buildSettings = {
				ASSETCATALOG_COMPILER_APPICON_NAME = AppIcon;
				CODE_SIGN_ENTITLEMENTS = StilInBerlin/StilInBerlin.entitlements;
				"CODE_SIGN_IDENTITY[sdk=iphoneos*]" = "iPhone Distribution";
				CURRENT_PROJECT_VERSION = 62;
				DEVELOPMENT_TEAM = KGJCC745S9;
				HEADER_SEARCH_PATHS = (
					"$(inherited)",
					"$(SRCROOT)/../node_modules/react-native-fcm/ios/**",
					"$(SRCROOT)/../node_modules/react-native-firebase/ios/RNFirebase/**",
					"$(SRCROOT)/../node_modules/react-native-maps/lib/ios/**",
					"$(SRCROOT)/../node_modules/react-native-vector-icons/RNVectorIconsManager",
					"$(SRCROOT)/../node_modules/react-native-firebase-analytics/ios",
					"$(SRCROOT)/../node_modules/react-native-admob/ios",
					"$(SRCROOT)/../node_modules/react-native-share/ios",
					"$(SRCROOT)/../node_modules/react-native-mapbox-gl/ios/**",
					"$(SRCROOT)/../node_modules/react-native-i18n/ios",
					"$(SRCROOT)/../node_modules/@mapbox/react-native-mapbox-gl/ios/**",
					"$(SRCROOT)/../node_modules/react-native-store-review/ios",
					"$(SRCROOT)/../node_modules/react-native/React",
				);
				INFOPLIST_FILE = StilInBerlin/Info.plist;
				IPHONEOS_DEPLOYMENT_TARGET = 11.0;
				LD_RUNPATH_SEARCH_PATHS = "$(inherited) @executable_path/Frameworks";
				OTHER_LDFLAGS = (
					"$(inherited)",
					"-ObjC",
					"-lc++",
				);
				PRODUCT_BUNDLE_IDENTIFIER = com.sashimiblade.StilInBerlin;
				PRODUCT_NAME = StilInBerlin;
				PROVISIONING_PROFILE = "b0bba50b-0293-40fd-9187-a1745c7d4714";
				PROVISIONING_PROFILE_SPECIFIER = "com.sashimiblade.StilInBerlin AppStore";
				TARGETED_DEVICE_FAMILY = 1;
				VERSIONING_SYSTEM = "apple-generic";
			};
			name = Release;
		};
		83CBBA201A601CBA00E9B192 /* Debug */ = {
			isa = XCBuildConfiguration;
			buildSettings = {
				ALWAYS_SEARCH_USER_PATHS = NO;
				CLANG_CXX_LANGUAGE_STANDARD = "gnu++0x";
				CLANG_CXX_LIBRARY = "libc++";
				CLANG_ENABLE_MODULES = YES;
				CLANG_ENABLE_OBJC_ARC = YES;
				CLANG_WARN_BOOL_CONVERSION = YES;
				CLANG_WARN_CONSTANT_CONVERSION = YES;
				CLANG_WARN_DIRECT_OBJC_ISA_USAGE = YES_ERROR;
				CLANG_WARN_EMPTY_BODY = YES;
				CLANG_WARN_ENUM_CONVERSION = YES;
				CLANG_WARN_INT_CONVERSION = YES;
				CLANG_WARN_OBJC_ROOT_CLASS = YES_ERROR;
				CLANG_WARN_UNREACHABLE_CODE = YES;
				CLANG_WARN__DUPLICATE_METHOD_MATCH = YES;
				"CODE_SIGN_IDENTITY[sdk=iphoneos*]" = "iPhone Developer";
				COPY_PHASE_STRIP = NO;
				ENABLE_STRICT_OBJC_MSGSEND = YES;
				GCC_C_LANGUAGE_STANDARD = gnu99;
				GCC_DYNAMIC_NO_PIC = NO;
				GCC_OPTIMIZATION_LEVEL = 0;
				GCC_PREPROCESSOR_DEFINITIONS = (
					"DEBUG=1",
					"$(inherited)",
				);
				GCC_SYMBOLS_PRIVATE_EXTERN = NO;
				GCC_WARN_64_TO_32_BIT_CONVERSION = YES;
				GCC_WARN_ABOUT_RETURN_TYPE = YES_ERROR;
				GCC_WARN_UNDECLARED_SELECTOR = YES;
				GCC_WARN_UNINITIALIZED_AUTOS = YES_AGGRESSIVE;
				GCC_WARN_UNUSED_FUNCTION = YES;
				GCC_WARN_UNUSED_VARIABLE = YES;
				IPHONEOS_DEPLOYMENT_TARGET = 8.0;
				MTL_ENABLE_DEBUG_INFO = YES;
				ONLY_ACTIVE_ARCH = YES;
				SDKROOT = iphoneos;
			};
			name = Debug;
		};
		83CBBA211A601CBA00E9B192 /* Release */ = {
			isa = XCBuildConfiguration;
			buildSettings = {
				ALWAYS_SEARCH_USER_PATHS = NO;
				CLANG_CXX_LANGUAGE_STANDARD = "gnu++0x";
				CLANG_CXX_LIBRARY = "libc++";
				CLANG_ENABLE_MODULES = YES;
				CLANG_ENABLE_OBJC_ARC = YES;
				CLANG_WARN_BOOL_CONVERSION = YES;
				CLANG_WARN_CONSTANT_CONVERSION = YES;
				CLANG_WARN_DIRECT_OBJC_ISA_USAGE = YES_ERROR;
				CLANG_WARN_EMPTY_BODY = YES;
				CLANG_WARN_ENUM_CONVERSION = YES;
				CLANG_WARN_INT_CONVERSION = YES;
				CLANG_WARN_OBJC_ROOT_CLASS = YES_ERROR;
				CLANG_WARN_UNREACHABLE_CODE = YES;
				CLANG_WARN__DUPLICATE_METHOD_MATCH = YES;
				"CODE_SIGN_IDENTITY[sdk=iphoneos*]" = "iPhone Developer";
				COPY_PHASE_STRIP = YES;
				ENABLE_NS_ASSERTIONS = NO;
				ENABLE_STRICT_OBJC_MSGSEND = YES;
				GCC_C_LANGUAGE_STANDARD = gnu99;
				GCC_WARN_64_TO_32_BIT_CONVERSION = YES;
				GCC_WARN_ABOUT_RETURN_TYPE = YES_ERROR;
				GCC_WARN_UNDECLARED_SELECTOR = YES;
				GCC_WARN_UNINITIALIZED_AUTOS = YES_AGGRESSIVE;
				GCC_WARN_UNUSED_FUNCTION = YES;
				GCC_WARN_UNUSED_VARIABLE = YES;
				IPHONEOS_DEPLOYMENT_TARGET = 8.0;
				MTL_ENABLE_DEBUG_INFO = NO;
				SDKROOT = iphoneos;
				VALIDATE_PRODUCT = YES;
			};
			name = Release;
		};
/* End XCBuildConfiguration section */

/* Begin XCConfigurationList section */
		00E357021AD99517003FC87E /* Build configuration list for PBXNativeTarget "StilInBerlinTests" */ = {
			isa = XCConfigurationList;
			buildConfigurations = (
				00E356F61AD99517003FC87E /* Debug */,
				00E356F71AD99517003FC87E /* Release */,
			);
			defaultConfigurationIsVisible = 0;
			defaultConfigurationName = Release;
		};
		13B07F931A680F5B00A75B9A /* Build configuration list for PBXNativeTarget "StilInBerlin" */ = {
			isa = XCConfigurationList;
			buildConfigurations = (
				13B07F941A680F5B00A75B9A /* Debug */,
				13B07F951A680F5B00A75B9A /* Release */,
			);
			defaultConfigurationIsVisible = 0;
			defaultConfigurationName = Release;
		};
		83CBB9FA1A601CBA00E9B192 /* Build configuration list for PBXProject "StilInBerlin" */ = {
			isa = XCConfigurationList;
			buildConfigurations = (
				83CBBA201A601CBA00E9B192 /* Debug */,
				83CBBA211A601CBA00E9B192 /* Release */,
			);
			defaultConfigurationIsVisible = 0;
			defaultConfigurationName = Release;
		};
/* End XCConfigurationList section */
	};
	rootObject = 83CBB9F71A601CBA00E9B192 /* Project object */;
}
